{
  "version": 4,
  "terraform_version": "1.5.7",
  "serial": 34,
  "lineage": "47351892-5726-ba36-41d3-e70bc8306543",
  "outputs": {
    "jenkins_public_ip": {
      "value": "http://144.24.98.26",
      "type": "string"
    }
  },
  "resources": [
    {
      "mode": "data",
      "type": "oci_containerengine_cluster_option",
      "name": "options",
      "provider": "provider[\"registry.terraform.io/oracle/oci\"]",
      "instances": [
        {
          "schema_version": 0,
          "attributes": {
            "cluster_option_id": "all",
            "cluster_pod_network_options": [
              {
                "cni_type": "OCI_VCN_IP_NATIVE"
              },
              {
                "cni_type": "FLANNEL_OVERLAY"
              }
            ],
            "compartment_id": null,
            "id": "ContainerengineClusterOptionDataSource-1870923232",
            "kubernetes_versions": [
              "v1.26.2",
              "v1.26.7",
              "v1.27.2",
              "v1.28.2",
              "v1.29.1"
            ]
          },
          "sensitive_attributes": []
        }
      ]
    },
    {
      "mode": "data",
      "type": "oci_core_images",
      "name": "instance_images",
      "provider": "provider[\"registry.terraform.io/oracle/oci\"]",
      "instances": [
        {
          "schema_version": 0,
          "attributes": {
            "compartment_id": "ocid1.compartment.oc1..aaaaaaaaqhbzavhpwjjlcf43lgkjhhz2qbztfh6xbav24x7kfaxrtxvmgyra",
            "display_name": null,
            "filter": [
              {
                "name": "display_name",
                "regex": true,
                "values": [
                  "^.*Oracle[^G]*$"
                ]
              }
            ],
            "id": "CoreImagesDataSource-1945359365",
            "images": [
              {
                "agent_features": [],
                "base_image_id": "",
                "billable_size_in_gbs": "4",
                "compartment_id": "",
                "create_image_allowed": true,
                "defined_tags": {},
                "display_name": "Oracle-Linux-7.9-2024.02.26-0",
                "freeform_tags": {},
                "id": "ocid1.image.oc1.ap-mumbai-1.aaaaaaaaf5db7zum5naht7fsxudvijply6e5hzajgsbv2doshrnbmeal27fa",
                "image_source_details": [],
                "instance_id": "",
                "launch_mode": "NATIVE",
                "launch_options": [
                  {
                    "boot_volume_type": "PARAVIRTUALIZED",
                    "firmware": "UEFI_64",
                    "is_consistent_volume_naming_enabled": true,
                    "is_pv_encryption_in_transit_enabled": true,
                    "network_type": "PARAVIRTUALIZED",
                    "remote_data_volume_type": "PARAVIRTUALIZED"
                  }
                ],
                "listing_type": "",
                "operating_system": "Oracle Linux",
                "operating_system_version": "7.9",
                "size_in_mbs": "47694",
                "state": "AVAILABLE",
                "time_created": "2024-03-07 06:30:58.075 +0000 UTC"
              },
              {
                "agent_features": [],
                "base_image_id": "",
                "billable_size_in_gbs": "4",
                "compartment_id": "",
                "create_image_allowed": true,
                "defined_tags": {},
                "display_name": "Oracle-Linux-7.9-2024.01.23-0",
                "freeform_tags": {},
                "id": "ocid1.image.oc1.ap-mumbai-1.aaaaaaaab7fzyrs6tzxckuv26irl3lzidiknjhe3sydeqxlu4zf2vsbf7oeq",
                "image_source_details": [],
                "instance_id": "",
                "launch_mode": "NATIVE",
                "launch_options": [
                  {
                    "boot_volume_type": "PARAVIRTUALIZED",
                    "firmware": "UEFI_64",
                    "is_consistent_volume_naming_enabled": true,
                    "is_pv_encryption_in_transit_enabled": true,
                    "network_type": "PARAVIRTUALIZED",
                    "remote_data_volume_type": "PARAVIRTUALIZED"
                  }
                ],
                "listing_type": "",
                "operating_system": "Oracle Linux",
                "operating_system_version": "7.9",
                "size_in_mbs": "47694",
                "state": "AVAILABLE",
                "time_created": "2024-02-03 21:15:40.931 +0000 UTC"
              },
              {
                "agent_features": [],
                "base_image_id": "",
                "billable_size_in_gbs": "4",
                "compartment_id": "",
                "create_image_allowed": true,
                "defined_tags": {},
                "display_name": "Oracle-Linux-7.9-2023.12.08-0",
                "freeform_tags": {},
                "id": "ocid1.image.oc1.ap-mumbai-1.aaaaaaaag7dv4km3oql6c4xtoxuqyzcos3yx2imtlqypuhsiqlh3gkspeb4a",
                "image_source_details": [],
                "instance_id": "",
                "launch_mode": "NATIVE",
                "launch_options": [
                  {
                    "boot_volume_type": "PARAVIRTUALIZED",
                    "firmware": "UEFI_64",
                    "is_consistent_volume_naming_enabled": true,
                    "is_pv_encryption_in_transit_enabled": true,
                    "network_type": "PARAVIRTUALIZED",
                    "remote_data_volume_type": "PARAVIRTUALIZED"
                  }
                ],
                "listing_type": "",
                "operating_system": "Oracle Linux",
                "operating_system_version": "7.9",
                "size_in_mbs": "47694",
                "state": "AVAILABLE",
                "time_created": "2023-12-15 08:52:00.538 +0000 UTC"
              }
            ],
            "operating_system": "Oracle Linux",
            "operating_system_version": "7.9",
            "shape": "VM.Standard.E3.Flex",
            "sort_by": null,
            "sort_order": null,
            "state": null
          },
          "sensitive_attributes": []
        }
      ]
    },
    {
      "mode": "data",
      "type": "oci_core_services",
      "name": "services",
      "provider": "provider[\"registry.terraform.io/oracle/oci\"]",
      "instances": [
        {
          "schema_version": 0,
          "attributes": {
            "filter": [
              {
                "name": "name",
                "regex": true,
                "values": [
                  "All .* Services In Oracle Services Network"
                ]
              }
            ],
            "id": "CoreServicesDataSource-0",
            "services": [
              {
                "cidr_block": "all-bom-services-in-oracle-services-network",
                "description": "All BOM Services In Oracle Services Network",
                "id": "ocid1.service.oc1.ap-mumbai-1.aaaaaaaalgcbq3vrynslsik576exhjek25p2j5abr6fpcrrsfr4d6h27jikq",
                "name": "All BOM Services In Oracle Services Network"
              }
            ]
          },
          "sensitive_attributes": []
        }
      ]
    },
    {
      "mode": "data",
      "type": "oci_core_vcn",
      "name": "vcn",
      "provider": "provider[\"registry.terraform.io/oracle/oci\"]",
      "instances": [
        {
          "schema_version": 0,
          "attributes": {
            "byoipv6cidr_blocks": [],
            "byoipv6cidr_details": null,
            "cidr_block": "10.0.0.0/16",
            "cidr_blocks": [
              "10.0.0.0/16"
            ],
            "compartment_id": "ocid1.compartment.oc1..aaaaaaaaqhbzavhpwjjlcf43lgkjhhz2qbztfh6xbav24x7kfaxrtxvmgyra",
            "default_dhcp_options_id": "ocid1.dhcpoptions.oc1.ap-mumbai-1.aaaaaaaajdv2ipkvzxivbpuph6g5isf7a2r366nxfh7jqx7fjks64y5bzteq",
            "default_route_table_id": "ocid1.routetable.oc1.ap-mumbai-1.aaaaaaaakbgx2qqtb2tqvmuk7qj6qtczn5nwg3outn7j4m7v4nigjpm52cda",
            "default_security_list_id": "ocid1.securitylist.oc1.ap-mumbai-1.aaaaaaaaf4ailp4rxezh7436ltrfqp6ovy5n4lzgcosbabwzdmr2hcwuxvba",
            "defined_tags": {
              "Oracle-Tags.CreatedBy": "oracleidentitycloudservice/howie.owi@oracle.com",
              "Oracle-Tags.CreatedOn": "2024-04-03T01:53:55.090Z",
              "env.env": "prod"
            },
            "display_name": "cloudbank-oke-vcn",
            "dns_label": "cloudbank",
            "freeform_tags": {},
            "id": "ocid1.vcn.oc1.ap-mumbai-1.amaaaaaay5l3z3ya5napr2nob7otwmuvhoxd5az5rfbu6fc44i65umcz6iva",
            "ipv6cidr_blocks": [],
            "ipv6private_cidr_blocks": [],
            "is_ipv6enabled": null,
            "is_oracle_gua_allocation_enabled": null,
            "state": "AVAILABLE",
            "time_created": "2024-04-03 01:53:55.184 +0000 UTC",
            "vcn_domain_name": "cloudbank.oraclevcn.com",
            "vcn_id": "ocid1.vcn.oc1.ap-mumbai-1.amaaaaaay5l3z3ya5napr2nob7otwmuvhoxd5az5rfbu6fc44i65umcz6iva"
          },
          "sensitive_attributes": []
        }
      ]
    },
    {
      "mode": "data",
      "type": "oci_identity_availability_domain",
      "name": "ad1",
      "provider": "provider[\"registry.terraform.io/oracle/oci\"]",
      "instances": [
        {
          "schema_version": 0,
          "attributes": {
            "ad_number": 1,
            "compartment_id": "ocid1.tenancy.oc1..aaaaaaaaznlqfvs5vwnvyimrvjv3i5w4i7fwznq2dqmsccmdihjpc7nqc46q",
            "id": "ocid1.availabilitydomain.oc1..aaaaaaaaqnfxrjivkxya4njkefe2dgbfwua6mxpvzhqal6zzekgsvjchoyjq",
            "name": "HnmI:AP-MUMBAI-1-AD-1"
          },
          "sensitive_attributes": []
        }
      ]
    },
    {
      "mode": "data",
      "type": "oci_identity_availability_domains",
      "name": "ADs",
      "provider": "provider[\"registry.terraform.io/oracle/oci\"]",
      "instances": [
        {
          "schema_version": 0,
          "attributes": {
            "availability_domains": [
              {
                "compartment_id": "ocid1.compartment.oc1..aaaaaaaaqhbzavhpwjjlcf43lgkjhhz2qbztfh6xbav24x7kfaxrtxvmgyra",
                "id": "ocid1.availabilitydomain.oc1..aaaaaaaaqnfxrjivkxya4njkefe2dgbfwua6mxpvzhqal6zzekgsvjchoyjq",
                "name": "HnmI:AP-MUMBAI-1-AD-1"
              }
            ],
            "compartment_id": "ocid1.compartment.oc1..aaaaaaaaqhbzavhpwjjlcf43lgkjhhz2qbztfh6xbav24x7kfaxrtxvmgyra",
            "filter": null,
            "id": "IdentityAvailabilityDomainsDataSource-2415148455"
          },
          "sensitive_attributes": []
        }
      ]
    },
    {
      "mode": "managed",
      "type": "oci_artifacts_container_repository",
      "name": "backend",
      "provider": "provider[\"registry.terraform.io/oracle/oci\"]",
      "instances": [
        {
          "schema_version": 0,
          "attributes": {
            "billable_size_in_gbs": "0",
            "compartment_id": "ocid1.compartment.oc1..aaaaaaaaqhbzavhpwjjlcf43lgkjhhz2qbztfh6xbav24x7kfaxrtxvmgyra",
            "created_by": "ocid1.user.oc1..aaaaaaaaduv4ii4ah2f7wtcdwjxttr6kk4irobgju4qfwcuaffabh6zub5vq",
            "defined_tags": {},
            "display_name": "cloudbank/64qgtiio/transfer-springboot",
            "freeform_tags": {},
            "id": "ocid1.containerrepo.oc1.ap-mumbai-1.0.apaccpt01.aaaaaaaanmpfumnwditha5nrn6kxmozo5fipfxvicebrpk36zwnopbqv6wwa",
            "image_count": 0,
            "is_immutable": false,
            "is_public": true,
            "layer_count": 0,
            "layers_size_in_bytes": "0",
            "namespace": "apaccpt01",
            "readme": [],
            "state": "AVAILABLE",
            "system_tags": {},
            "time_created": "2024-04-03 01:53:55.256 +0000 UTC",
            "time_last_pushed": null,
            "timeouts": null
          },
          "sensitive_attributes": [],
          "private": "eyJlMmJmYjczMC1lY2FhLTExZTYtOGY4OC0zNDM2M2JjN2M0YzAiOnsiY3JlYXRlIjoxMjAwMDAwMDAwMDAwLCJkZWxldGUiOjEyMDAwMDAwMDAwMDAsInVwZGF0ZSI6MTIwMDAwMDAwMDAwMH19"
        }
      ]
    },
    {
      "mode": "managed",
      "type": "oci_artifacts_container_repository",
      "name": "frontend",
      "provider": "provider[\"registry.terraform.io/oracle/oci\"]",
      "instances": [
        {
          "schema_version": 0,
          "attributes": {
            "billable_size_in_gbs": "0",
            "compartment_id": "ocid1.compartment.oc1..aaaaaaaaqhbzavhpwjjlcf43lgkjhhz2qbztfh6xbav24x7kfaxrtxvmgyra",
            "created_by": "ocid1.user.oc1..aaaaaaaaduv4ii4ah2f7wtcdwjxttr6kk4irobgju4qfwcuaffabh6zub5vq",
            "defined_tags": {},
            "display_name": "cloudbank/64qgtiio/frontend-react-springboot",
            "freeform_tags": {},
            "id": "ocid1.containerrepo.oc1.ap-mumbai-1.0.apaccpt01.aaaaaaaaloktfob7nph4wnqlrugvzs4io6juhpzlwbcmxio7sio6cyaai6nq",
            "image_count": 0,
            "is_immutable": false,
            "is_public": true,
            "layer_count": 0,
            "layers_size_in_bytes": "0",
            "namespace": "apaccpt01",
            "readme": [],
            "state": "AVAILABLE",
            "system_tags": {},
            "time_created": "2024-04-03 01:53:55.19 +0000 UTC",
            "time_last_pushed": null,
            "timeouts": null
          },
          "sensitive_attributes": [],
          "private": "eyJlMmJmYjczMC1lY2FhLTExZTYtOGY4OC0zNDM2M2JjN2M0YzAiOnsiY3JlYXRlIjoxMjAwMDAwMDAwMDAwLCJkZWxldGUiOjEyMDAwMDAwMDAwMDAsInVwZGF0ZSI6MTIwMDAwMDAwMDAwMH19"
        }
      ]
    },
    {
      "mode": "managed",
      "type": "oci_containerengine_cluster",
      "name": "cloudbank",
      "provider": "provider[\"registry.terraform.io/oracle/oci\"]",
      "instances": [
        {
          "schema_version": 0,
          "attributes": {
            "available_kubernetes_upgrades": [],
            "cluster_pod_network_options": [
              {
                "cni_type": "FLANNEL_OVERLAY"
              }
            ],
            "compartment_id": "ocid1.compartment.oc1..aaaaaaaaqhbzavhpwjjlcf43lgkjhhz2qbztfh6xbav24x7kfaxrtxvmgyra",
            "defined_tags": {
              "Oracle-Tags.CreatedBy": "oracleidentitycloudservice/howie.owi@oracle.com",
              "Oracle-Tags.CreatedOn": "2024-04-03T01:54:01.398Z",
              "env.env": "prod"
            },
            "endpoint_config": [
              {
                "is_public_ip_enabled": true,
                "nsg_ids": null,
                "subnet_id": "ocid1.subnet.oc1.ap-mumbai-1.aaaaaaaass4bj2g24ssuvo52xyoirpi6svdzru3z7zf7lh2lzaj6akk3r4za"
              }
            ],
            "endpoints": [
              {
                "kubernetes": "",
                "private_endpoint": "10.0.0.7:6443",
                "public_endpoint": "144.24.103.72:6443",
                "vcn_hostname_endpoint": "czgd6yyh2jq.cbapisubnet.cloudbank.oraclevcn.com:6443"
              }
            ],
            "freeform_tags": {
              "OKEclusterName": "cloudbank"
            },
            "id": "ocid1.cluster.oc1.ap-mumbai-1.aaaaaaaaitrjhuwkis7vgzcku5xrk2g6mc2dvrm4qka3resctczgd6yyh2jq",
            "image_policy_config": [
              {
                "is_policy_enabled": false,
                "key_details": []
              }
            ],
            "kms_key_id": null,
            "kubernetes_version": "v1.29.1",
            "lifecycle_details": null,
            "metadata": [
              {
                "created_by_user_id": "ocid1.user.oc1..aaaaaaaaduv4ii4ah2f7wtcdwjxttr6kk4irobgju4qfwcuaffabh6zub5vq",
                "created_by_work_request_id": "ocid1.clustersworkrequest.oc1.ap-mumbai-1.aaaaaaaa3moggyld5y6dfza3hkchmhqraus5bupgj6coguftcwokstps77fq",
                "deleted_by_user_id": "",
                "deleted_by_work_request_id": "",
                "time_created": "2024-04-03 01:54:02 +0000 UTC",
                "time_credential_expiration": "2029-04-03 01:54:23 +0000 UTC",
                "time_deleted": "",
                "time_updated": "",
                "updated_by_user_id": "",
                "updated_by_work_request_id": ""
              }
            ],
            "name": "cloudbank",
            "options": [
              {
                "add_ons": [
                  {
                    "is_kubernetes_dashboard_enabled": false,
                    "is_tiller_enabled": false
                  }
                ],
                "admission_controller_options": [
                  {
                    "is_pod_security_policy_enabled": false
                  }
                ],
                "kubernetes_network_config": [
                  {
                    "pods_cidr": "10.244.0.0/16",
                    "services_cidr": "10.96.0.0/16"
                  }
                ],
                "persistent_volume_config": [
                  {
                    "defined_tags": {},
                    "freeform_tags": {}
                  }
                ],
                "service_lb_config": [
                  {
                    "defined_tags": {},
                    "freeform_tags": {}
                  }
                ],
                "service_lb_subnet_ids": [
                  "ocid1.subnet.oc1.ap-mumbai-1.aaaaaaaayyrtxvcke64v3dzkbubrbiakfc6wp4hcy3cdhre3fov2a7vsvtaq"
                ]
              }
            ],
            "state": "ACTIVE",
            "timeouts": null,
            "type": "BASIC_CLUSTER",
            "vcn_id": "ocid1.vcn.oc1.ap-mumbai-1.amaaaaaay5l3z3ya5napr2nob7otwmuvhoxd5az5rfbu6fc44i65umcz6iva"
          },
          "sensitive_attributes": [],
          "private": "eyJlMmJmYjczMC1lY2FhLTExZTYtOGY4OC0zNDM2M2JjN2M0YzAiOnsiY3JlYXRlIjozNjAwMDAwMDAwMDAwLCJkZWxldGUiOjM2MDAwMDAwMDAwMDAsInVwZGF0ZSI6MzYwMDAwMDAwMDAwMH19",
          "dependencies": [
            "data.oci_containerengine_cluster_option.options",
            "data.oci_core_services.services",
            "data.oci_core_vcn.vcn",
            "oci_core_security_list.cloudbank-oke-k8sApiEndpoint",
            "oci_core_subnet.regional_apiendpoint_subnet",
            "oci_core_subnet.regional_svclb_subnet",
            "oci_core_vcn.cloudbank_vcn"
          ]
        }
      ]
    },
    {
      "mode": "managed",
      "type": "oci_containerengine_node_pool",
      "name": "pool",
      "provider": "provider[\"registry.terraform.io/oracle/oci\"]",
      "instances": [
        {
          "schema_version": 0,
          "attributes": {
            "cluster_id": "ocid1.cluster.oc1.ap-mumbai-1.aaaaaaaaitrjhuwkis7vgzcku5xrk2g6mc2dvrm4qka3resctczgd6yyh2jq",
            "compartment_id": "ocid1.compartment.oc1..aaaaaaaaqhbzavhpwjjlcf43lgkjhhz2qbztfh6xbav24x7kfaxrtxvmgyra",
            "defined_tags": {
              "Oracle-Tags.CreatedBy": "oracleidentitycloudservice/howie.owi@oracle.com",
              "Oracle-Tags.CreatedOn": "2024-04-03T02:01:26.003Z",
              "env.env": "prod"
            },
            "freeform_tags": {},
            "id": "ocid1.nodepool.oc1.ap-mumbai-1.aaaaaaaavvhkfgutolupckx4hyre5dc6hvjuvqakxgtcazrcznnrjxr22f7q",
            "initial_node_labels": [
              {
                "key": "name",
                "value": "cloudbank"
              }
            ],
            "kubernetes_version": "v1.29.1",
            "lifecycle_details": null,
            "name": "cloudbank-pool",
            "node_config_details": [
              {
                "defined_tags": {},
                "freeform_tags": {},
                "is_pv_encryption_in_transit_enabled": false,
                "kms_key_id": "",
                "node_pool_pod_network_option_details": [
                  {
                    "cni_type": "FLANNEL_OVERLAY",
                    "max_pods_per_node": 0,
                    "pod_nsg_ids": [],
                    "pod_subnet_ids": []
                  }
                ],
                "nsg_ids": [],
                "placement_configs": [
                  {
                    "availability_domain": "HnmI:AP-MUMBAI-1-AD-1",
                    "capacity_reservation_id": "",
                    "fault_domains": [],
                    "preemptible_node_config": [],
                    "subnet_id": "ocid1.subnet.oc1.ap-mumbai-1.aaaaaaaapdyz5as4xb3xsmaiamjvoetwvv4a43ko4mi4bhdgteaie6h6hxaa"
                  }
                ],
                "size": 2
              }
            ],
            "node_eviction_node_pool_settings": [],
            "node_image_id": "ocid1.image.oc1.ap-mumbai-1.aaaaaaaaf5db7zum5naht7fsxudvijply6e5hzajgsbv2doshrnbmeal27fa",
            "node_image_name": "Oracle-Linux-7.9-2024.02.26-0",
            "node_metadata": {},
            "node_pool_cycling_details": [],
            "node_shape": "VM.Standard.E3.Flex",
            "node_shape_config": [
              {
                "memory_in_gbs": 16,
                "ocpus": 1
              }
            ],
            "node_source": [
              {
                "image_id": "ocid1.image.oc1.ap-mumbai-1.aaaaaaaaf5db7zum5naht7fsxudvijply6e5hzajgsbv2doshrnbmeal27fa",
                "source_name": "Oracle-Linux-7.9-2024.02.26-0",
                "source_type": "IMAGE"
              }
            ],
            "node_source_details": [
              {
                "boot_volume_size_in_gbs": "",
                "image_id": "ocid1.image.oc1.ap-mumbai-1.aaaaaaaaf5db7zum5naht7fsxudvijply6e5hzajgsbv2doshrnbmeal27fa",
                "source_type": "IMAGE"
              }
            ],
            "nodes": [
              {
                "availability_domain": "HnmI:AP-MUMBAI-1-AD-1",
                "defined_tags": {},
                "error": [],
                "fault_domain": "FAULT-DOMAIN-1",
                "freeform_tags": {},
                "id": "ocid1.instance.oc1.ap-mumbai-1.anrg6ljry5l3z3ycx76sxvncti543qcspeeczw5dcgjisi6bi2gthutirm4q",
                "kubernetes_version": "v1.29.1",
                "lifecycle_details": "",
                "name": "oke-czgd6yyh2jq-nnrjxr22f7q-saie6h6hxaa-0",
                "node_pool_id": "ocid1.nodepool.oc1.ap-mumbai-1.aaaaaaaavvhkfgutolupckx4hyre5dc6hvjuvqakxgtcazrcznnrjxr22f7q",
                "private_ip": "10.0.10.37",
                "public_ip": "",
                "state": "ACTIVE",
                "subnet_id": "ocid1.subnet.oc1.ap-mumbai-1.aaaaaaaapdyz5as4xb3xsmaiamjvoetwvv4a43ko4mi4bhdgteaie6h6hxaa"
              },
              {
                "availability_domain": "HnmI:AP-MUMBAI-1-AD-1",
                "defined_tags": {},
                "error": [],
                "fault_domain": "FAULT-DOMAIN-2",
                "freeform_tags": {},
                "id": "ocid1.instance.oc1.ap-mumbai-1.anrg6ljry5l3z3ycwfnsvwzsiz46m46cp7uyceniq5chdh4zyapu2eoqdgoq",
                "kubernetes_version": "v1.29.1",
                "lifecycle_details": "",
                "name": "oke-czgd6yyh2jq-nnrjxr22f7q-saie6h6hxaa-1",
                "node_pool_id": "ocid1.nodepool.oc1.ap-mumbai-1.aaaaaaaavvhkfgutolupckx4hyre5dc6hvjuvqakxgtcazrcznnrjxr22f7q",
                "private_ip": "10.0.10.132",
                "public_ip": "",
                "state": "ACTIVE",
                "subnet_id": "ocid1.subnet.oc1.ap-mumbai-1.aaaaaaaapdyz5as4xb3xsmaiamjvoetwvv4a43ko4mi4bhdgteaie6h6hxaa"
              }
            ],
            "quantity_per_subnet": 0,
            "ssh_public_key": null,
            "state": "ACTIVE",
            "subnet_ids": [
              "ocid1.subnet.oc1.ap-mumbai-1.aaaaaaaapdyz5as4xb3xsmaiamjvoetwvv4a43ko4mi4bhdgteaie6h6hxaa"
            ],
            "timeouts": null
          },
          "sensitive_attributes": [],
          "private": "eyJlMmJmYjczMC1lY2FhLTExZTYtOGY4OC0zNDM2M2JjN2M0YzAiOnsiY3JlYXRlIjozMDAwMDAwMDAwMDAwLCJkZWxldGUiOjMwMDAwMDAwMDAwMDAsInVwZGF0ZSI6MzAwMDAwMDAwMDAwMH19",
          "dependencies": [
            "data.oci_containerengine_cluster_option.options",
            "data.oci_core_images.instance_images",
            "data.oci_core_services.services",
            "data.oci_core_vcn.vcn",
            "data.oci_identity_availability_domain.ad1",
            "oci_containerengine_cluster.cloudbank",
            "oci_core_nat_gateway.oke-ngw",
            "oci_core_route_table.oke-private-rt",
            "oci_core_security_list.cloudbank-oke-k8sApiEndpoint",
            "oci_core_security_list.node_security_list",
            "oci_core_service_gateway.sgw",
            "oci_core_subnet.regional_apiendpoint_subnet",
            "oci_core_subnet.regional_node_subnet",
            "oci_core_subnet.regional_svclb_subnet",
            "oci_core_vcn.cloudbank_vcn"
          ]
        }
      ]
    },
    {
      "mode": "managed",
      "type": "oci_core_default_dhcp_options",
      "name": "default_dhcp_options",
      "provider": "provider[\"registry.terraform.io/oracle/oci\"]",
      "instances": [
        {
          "schema_version": 0,
          "attributes": {
            "compartment_id": "ocid1.compartment.oc1..aaaaaaaaqhbzavhpwjjlcf43lgkjhhz2qbztfh6xbav24x7kfaxrtxvmgyra",
            "defined_tags": {
              "Oracle-Tags.CreatedBy": "oracleidentitycloudservice/howie.owi@oracle.com",
              "Oracle-Tags.CreatedOn": "2024-04-03T01:53:55.090Z",
              "env.env": "prod"
            },
            "display_name": "cloudbank-vcn-default-dhcp",
            "domain_name_type": "CUSTOM_DOMAIN",
            "freeform_tags": {},
            "id": "ocid1.dhcpoptions.oc1.ap-mumbai-1.aaaaaaaajdv2ipkvzxivbpuph6g5isf7a2r366nxfh7jqx7fjks64y5bzteq",
            "manage_default_resource_id": "ocid1.dhcpoptions.oc1.ap-mumbai-1.aaaaaaaajdv2ipkvzxivbpuph6g5isf7a2r366nxfh7jqx7fjks64y5bzteq",
            "options": [
              {
                "custom_dns_servers": [],
                "search_domain_names": [
                  "cloudbank.oraclevcn.com"
                ],
                "server_type": "",
                "type": "SearchDomain"
              },
              {
                "custom_dns_servers": [],
                "search_domain_names": [],
                "server_type": "VcnLocalPlusInternet",
                "type": "DomainNameServer"
              }
            ],
            "state": "AVAILABLE",
            "time_created": "2024-04-03 01:53:55.305 +0000 UTC",
            "timeouts": null
          },
          "sensitive_attributes": [],
          "private": "eyJlMmJmYjczMC1lY2FhLTExZTYtOGY4OC0zNDM2M2JjN2M0YzAiOnsiY3JlYXRlIjoxMjAwMDAwMDAwMDAwLCJkZWxldGUiOjEyMDAwMDAwMDAwMDAsInVwZGF0ZSI6MTIwMDAwMDAwMDAwMH19",
          "dependencies": [
            "data.oci_core_vcn.vcn",
            "oci_core_vcn.cloudbank_vcn"
          ]
        }
      ]
    },
    {
      "mode": "managed",
      "type": "oci_core_default_route_table",
      "name": "export_oke-public-routetable",
      "provider": "provider[\"registry.terraform.io/oracle/oci\"]",
      "instances": [
        {
          "schema_version": 0,
          "attributes": {
            "compartment_id": "ocid1.compartment.oc1..aaaaaaaaqhbzavhpwjjlcf43lgkjhhz2qbztfh6xbav24x7kfaxrtxvmgyra",
            "defined_tags": {
              "Oracle-Tags.CreatedBy": "oracleidentitycloudservice/howie.owi@oracle.com",
              "Oracle-Tags.CreatedOn": "2024-04-03T01:53:55.090Z",
              "env.env": "prod"
            },
            "display_name": "cloudbank-public-rt",
            "freeform_tags": {},
            "id": "ocid1.routetable.oc1.ap-mumbai-1.aaaaaaaakbgx2qqtb2tqvmuk7qj6qtczn5nwg3outn7j4m7v4nigjpm52cda",
            "manage_default_resource_id": "ocid1.routetable.oc1.ap-mumbai-1.aaaaaaaakbgx2qqtb2tqvmuk7qj6qtczn5nwg3outn7j4m7v4nigjpm52cda",
            "route_rules": [
              {
                "cidr_block": "",
                "description": "traffic to/from internet",
                "destination": "0.0.0.0/0",
                "destination_type": "CIDR_BLOCK",
                "network_entity_id": "ocid1.internetgateway.oc1.ap-mumbai-1.aaaaaaaaod2zgt6vu2qpogzfnrcgnl4d7w2tk5tcxn4imqixn4cxlit6zhqq",
                "route_type": ""
              }
            ],
            "state": "AVAILABLE",
            "time_created": "2024-04-03 01:53:55.184 +0000 UTC",
            "timeouts": null
          },
          "sensitive_attributes": [],
          "private": "eyJlMmJmYjczMC1lY2FhLTExZTYtOGY4OC0zNDM2M2JjN2M0YzAiOnsiY3JlYXRlIjoxMjAwMDAwMDAwMDAwLCJkZWxldGUiOjEyMDAwMDAwMDAwMDAsInVwZGF0ZSI6MTIwMDAwMDAwMDAwMH19",
          "dependencies": [
            "data.oci_core_vcn.vcn",
            "oci_core_internet_gateway.igw",
            "oci_core_vcn.cloudbank_vcn"
          ]
        }
      ]
    },
    {
      "mode": "managed",
      "type": "oci_core_default_security_list",
      "name": "export_oke-svclbseclist",
      "provider": "provider[\"registry.terraform.io/oracle/oci\"]",
      "instances": [
        {
          "schema_version": 0,
          "attributes": {
            "compartment_id": "ocid1.compartment.oc1..aaaaaaaaqhbzavhpwjjlcf43lgkjhhz2qbztfh6xbav24x7kfaxrtxvmgyra",
            "defined_tags": {
              "Oracle-Tags.CreatedBy": "oracleidentitycloudservice/howie.owi@oracle.com",
              "Oracle-Tags.CreatedOn": "2024-04-03T01:53:55.090Z",
              "env.env": "prod"
            },
            "display_name": "cloudbank-oke-svclb",
            "egress_security_rules": [],
            "freeform_tags": {},
            "id": "ocid1.securitylist.oc1.ap-mumbai-1.aaaaaaaaf4ailp4rxezh7436ltrfqp6ovy5n4lzgcosbabwzdmr2hcwuxvba",
            "ingress_security_rules": [],
            "manage_default_resource_id": "ocid1.securitylist.oc1.ap-mumbai-1.aaaaaaaaf4ailp4rxezh7436ltrfqp6ovy5n4lzgcosbabwzdmr2hcwuxvba",
            "state": "AVAILABLE",
            "time_created": "2024-04-03 01:53:55.184 +0000 UTC",
            "timeouts": null
          },
          "sensitive_attributes": [],
          "private": "eyJlMmJmYjczMC1lY2FhLTExZTYtOGY4OC0zNDM2M2JjN2M0YzAiOnsiY3JlYXRlIjoxMjAwMDAwMDAwMDAwLCJkZWxldGUiOjEyMDAwMDAwMDAwMDAsInVwZGF0ZSI6MTIwMDAwMDAwMDAwMH19",
          "dependencies": [
            "data.oci_core_vcn.vcn",
            "oci_core_vcn.cloudbank_vcn"
          ]
        }
      ]
    },
    {
      "mode": "managed",
      "type": "oci_core_internet_gateway",
      "name": "igw",
      "provider": "provider[\"registry.terraform.io/oracle/oci\"]",
      "instances": [
        {
          "schema_version": 0,
          "attributes": {
            "compartment_id": "ocid1.compartment.oc1..aaaaaaaaqhbzavhpwjjlcf43lgkjhhz2qbztfh6xbav24x7kfaxrtxvmgyra",
            "defined_tags": {
              "Oracle-Tags.CreatedBy": "oracleidentitycloudservice/howie.owi@oracle.com",
              "Oracle-Tags.CreatedOn": "2024-04-03T01:53:56.244Z",
              "env.env": "prod"
            },
            "display_name": "cloudbank-igw-cloudbank",
            "enabled": true,
            "freeform_tags": {},
            "id": "ocid1.internetgateway.oc1.ap-mumbai-1.aaaaaaaaod2zgt6vu2qpogzfnrcgnl4d7w2tk5tcxn4imqixn4cxlit6zhqq",
            "route_table_id": null,
            "state": "AVAILABLE",
            "time_created": "2024-04-03 01:53:56.285 +0000 UTC",
            "timeouts": null,
            "vcn_id": "ocid1.vcn.oc1.ap-mumbai-1.amaaaaaay5l3z3ya5napr2nob7otwmuvhoxd5az5rfbu6fc44i65umcz6iva"
          },
          "sensitive_attributes": [],
          "private": "eyJlMmJmYjczMC1lY2FhLTExZTYtOGY4OC0zNDM2M2JjN2M0YzAiOnsiY3JlYXRlIjoxMjAwMDAwMDAwMDAwLCJkZWxldGUiOjEyMDAwMDAwMDAwMDAsInVwZGF0ZSI6MTIwMDAwMDAwMDAwMH19",
          "dependencies": [
            "data.oci_core_vcn.vcn",
            "oci_core_vcn.cloudbank_vcn"
          ]
        }
      ]
    },
    {
      "mode": "managed",
      "type": "oci_core_nat_gateway",
      "name": "oke-ngw",
      "provider": "provider[\"registry.terraform.io/oracle/oci\"]",
      "instances": [
        {
          "schema_version": 0,
          "attributes": {
            "block_traffic": false,
            "compartment_id": "ocid1.compartment.oc1..aaaaaaaaqhbzavhpwjjlcf43lgkjhhz2qbztfh6xbav24x7kfaxrtxvmgyra",
            "defined_tags": {
              "Oracle-Tags.CreatedBy": "oracleidentitycloudservice/howie.owi@oracle.com",
              "Oracle-Tags.CreatedOn": "2024-04-03T01:53:56.751Z",
              "env.env": "prod"
            },
            "display_name": "cloudbank-ngw",
            "freeform_tags": {},
            "id": "ocid1.natgateway.oc1.ap-mumbai-1.aaaaaaaascf7a6synco2hpmrou6qakwgkuwi4oak474clanvxknhxhfv3w7a",
            "nat_ip": "152.67.23.119",
            "public_ip_id": "ocid1.publicip.oc1.ap-mumbai-1.aaaaaaaar37hn6g5y3s5yxrhi6o4qjnw6gla3axorrcky7vphwbqke77w7cq",
            "route_table_id": null,
            "state": "AVAILABLE",
            "time_created": "2024-04-03 01:53:57.245 +0000 UTC",
            "timeouts": null,
            "vcn_id": "ocid1.vcn.oc1.ap-mumbai-1.amaaaaaay5l3z3ya5napr2nob7otwmuvhoxd5az5rfbu6fc44i65umcz6iva"
          },
          "sensitive_attributes": [],
          "private": "eyJlMmJmYjczMC1lY2FhLTExZTYtOGY4OC0zNDM2M2JjN2M0YzAiOnsiY3JlYXRlIjoxMjAwMDAwMDAwMDAwLCJkZWxldGUiOjEyMDAwMDAwMDAwMDAsInVwZGF0ZSI6MTIwMDAwMDAwMDAwMH19",
          "dependencies": [
            "data.oci_core_vcn.vcn",
            "oci_core_vcn.cloudbank_vcn"
          ]
        }
      ]
    },
    {
      "mode": "managed",
      "type": "oci_core_route_table",
      "name": "oke-private-rt",
      "provider": "provider[\"registry.terraform.io/oracle/oci\"]",
      "instances": [
        {
          "schema_version": 0,
          "attributes": {
            "compartment_id": "ocid1.compartment.oc1..aaaaaaaaqhbzavhpwjjlcf43lgkjhhz2qbztfh6xbav24x7kfaxrtxvmgyra",
            "defined_tags": {
              "Oracle-Tags.CreatedBy": "oracleidentitycloudservice/howie.owi@oracle.com",
              "Oracle-Tags.CreatedOn": "2024-04-03T01:53:58.594Z",
              "env.env": "prod"
            },
            "display_name": "cloudbank-private-rt",
            "freeform_tags": {},
            "id": "ocid1.routetable.oc1.ap-mumbai-1.aaaaaaaanmv4n3yijrpn47e6h7mli55wcogkuxgnbtsmfn33e2mlk6y7jbpa",
            "route_rules": [
              {
                "cidr_block": "",
                "description": "traffic to OCI services",
                "destination": "all-bom-services-in-oracle-services-network",
                "destination_type": "SERVICE_CIDR_BLOCK",
                "network_entity_id": "ocid1.servicegateway.oc1.ap-mumbai-1.aaaaaaaabas2i4xzaskzz2hspgqcbm7rw2mqh54w4eydnkp3ni4xhqjrzemq",
                "route_type": ""
              },
              {
                "cidr_block": "",
                "description": "traffic to the internet",
                "destination": "0.0.0.0/0",
                "destination_type": "CIDR_BLOCK",
                "network_entity_id": "ocid1.natgateway.oc1.ap-mumbai-1.aaaaaaaascf7a6synco2hpmrou6qakwgkuwi4oak474clanvxknhxhfv3w7a",
                "route_type": ""
              }
            ],
            "state": "AVAILABLE",
            "time_created": "2024-04-03 01:53:58.66 +0000 UTC",
            "timeouts": null,
            "vcn_id": "ocid1.vcn.oc1.ap-mumbai-1.amaaaaaay5l3z3ya5napr2nob7otwmuvhoxd5az5rfbu6fc44i65umcz6iva"
          },
          "sensitive_attributes": [],
          "private": "eyJlMmJmYjczMC1lY2FhLTExZTYtOGY4OC0zNDM2M2JjN2M0YzAiOnsiY3JlYXRlIjoxMjAwMDAwMDAwMDAwLCJkZWxldGUiOjEyMDAwMDAwMDAwMDAsInVwZGF0ZSI6MTIwMDAwMDAwMDAwMH19",
          "dependencies": [
            "data.oci_core_services.services",
            "data.oci_core_vcn.vcn",
            "oci_core_nat_gateway.oke-ngw",
            "oci_core_service_gateway.sgw",
            "oci_core_vcn.cloudbank_vcn"
          ]
        }
      ]
    },
    {
      "mode": "managed",
      "type": "oci_core_security_list",
      "name": "cloudbank-oke-k8sApiEndpoint",
      "provider": "provider[\"registry.terraform.io/oracle/oci\"]",
      "instances": [
        {
          "schema_version": 0,
          "attributes": {
            "compartment_id": "ocid1.compartment.oc1..aaaaaaaaqhbzavhpwjjlcf43lgkjhhz2qbztfh6xbav24x7kfaxrtxvmgyra",
            "defined_tags": {
              "Oracle-Tags.CreatedBy": "oracleidentitycloudservice/howie.owi@oracle.com",
              "Oracle-Tags.CreatedOn": "2024-04-03T01:53:56.832Z",
              "env.env": "prod"
            },
            "display_name": "cloudbank-oke-apiep-sl",
            "egress_security_rules": [
              {
                "description": "All traffic to worker nodes",
                "destination": "10.0.10.0/24",
                "destination_type": "CIDR_BLOCK",
                "icmp_options": [],
                "protocol": "6",
                "stateless": false,
                "tcp_options": [],
                "udp_options": []
              },
              {
                "description": "Allow Kubernetes Control Plane to communicate with OKE",
                "destination": "all-bom-services-in-oracle-services-network",
                "destination_type": "SERVICE_CIDR_BLOCK",
                "icmp_options": [],
                "protocol": "6",
                "stateless": false,
                "tcp_options": [
                  {
                    "max": 443,
                    "min": 443,
                    "source_port_range": []
                  }
                ],
                "udp_options": []
              },
              {
                "description": "Path discovery",
                "destination": "10.0.10.0/24",
                "destination_type": "CIDR_BLOCK",
                "icmp_options": [
                  {
                    "code": 4,
                    "type": 3
                  }
                ],
                "protocol": "1",
                "stateless": false,
                "tcp_options": [],
                "udp_options": []
              }
            ],
            "freeform_tags": {},
            "id": "ocid1.securitylist.oc1.ap-mumbai-1.aaaaaaaand36gpohptwik4rot636fqzcocfinyqpjmr3wafg3obbwrbtwebq",
            "ingress_security_rules": [
              {
                "description": "External access to Kubernetes API endpoint",
                "icmp_options": [],
                "protocol": "6",
                "source": "0.0.0.0/0",
                "source_type": "CIDR_BLOCK",
                "stateless": false,
                "tcp_options": [
                  {
                    "max": 6443,
                    "min": 6443,
                    "source_port_range": []
                  }
                ],
                "udp_options": []
              },
              {
                "description": "Kubernetes worker to Kubernetes API endpoint communication",
                "icmp_options": [],
                "protocol": "6",
                "source": "10.0.10.0/24",
                "source_type": "CIDR_BLOCK",
                "stateless": false,
                "tcp_options": [
                  {
                    "max": 6443,
                    "min": 6443,
                    "source_port_range": []
                  }
                ],
                "udp_options": []
              },
              {
                "description": "Kubernetes worker to control plane communication",
                "icmp_options": [],
                "protocol": "6",
                "source": "10.0.10.0/24",
                "source_type": "CIDR_BLOCK",
                "stateless": false,
                "tcp_options": [
                  {
                    "max": 12250,
                    "min": 12250,
                    "source_port_range": []
                  }
                ],
                "udp_options": []
              },
              {
                "description": "Path discovery",
                "icmp_options": [
                  {
                    "code": 4,
                    "type": 3
                  }
                ],
                "protocol": "1",
                "source": "10.0.10.0/24",
                "source_type": "CIDR_BLOCK",
                "stateless": false,
                "tcp_options": [],
                "udp_options": []
              }
            ],
            "state": "AVAILABLE",
            "time_created": "2024-04-03 01:53:56.867 +0000 UTC",
            "timeouts": null,
            "vcn_id": "ocid1.vcn.oc1.ap-mumbai-1.amaaaaaay5l3z3ya5napr2nob7otwmuvhoxd5az5rfbu6fc44i65umcz6iva"
          },
          "sensitive_attributes": [],
          "private": "eyJlMmJmYjczMC1lY2FhLTExZTYtOGY4OC0zNDM2M2JjN2M0YzAiOnsiY3JlYXRlIjoxMjAwMDAwMDAwMDAwLCJkZWxldGUiOjEyMDAwMDAwMDAwMDAsInVwZGF0ZSI6MTIwMDAwMDAwMDAwMH19",
          "dependencies": [
            "data.oci_core_services.services",
            "data.oci_core_vcn.vcn",
            "oci_core_vcn.cloudbank_vcn"
          ]
        }
      ]
    },
    {
      "mode": "managed",
      "type": "oci_core_security_list",
      "name": "node_security_list",
      "provider": "provider[\"registry.terraform.io/oracle/oci\"]",
      "instances": [
        {
          "schema_version": 0,
          "attributes": {
            "compartment_id": "ocid1.compartment.oc1..aaaaaaaaqhbzavhpwjjlcf43lgkjhhz2qbztfh6xbav24x7kfaxrtxvmgyra",
            "defined_tags": {
              "Oracle-Tags.CreatedBy": "oracleidentitycloudservice/howie.owi@oracle.com",
              "Oracle-Tags.CreatedOn": "2024-04-03T01:53:56.849Z",
              "env.env": "prod"
            },
            "display_name": "cloudbank-oke-node-sl",
            "egress_security_rules": [
              {
                "description": "Access to Kubernetes API Endpoint",
                "destination": "10.0.0.0/28",
                "destination_type": "CIDR_BLOCK",
                "icmp_options": [],
                "protocol": "6",
                "stateless": false,
                "tcp_options": [
                  {
                    "max": 6443,
                    "min": 6443,
                    "source_port_range": []
                  }
                ],
                "udp_options": []
              },
              {
                "description": "Allow nodes to communicate with OKE to ensure correct start-up and continued functioning",
                "destination": "all-bom-services-in-oracle-services-network",
                "destination_type": "SERVICE_CIDR_BLOCK",
                "icmp_options": [],
                "protocol": "6",
                "stateless": false,
                "tcp_options": [
                  {
                    "max": 443,
                    "min": 443,
                    "source_port_range": []
                  }
                ],
                "udp_options": []
              },
              {
                "description": "Allow pods on one worker node to communicate with pods on other worker nodes",
                "destination": "10.0.10.0/24",
                "destination_type": "CIDR_BLOCK",
                "icmp_options": [],
                "protocol": "all",
                "stateless": false,
                "tcp_options": [],
                "udp_options": []
              },
              {
                "description": "ICMP Access from Kubernetes Control Plane",
                "destination": "0.0.0.0/0",
                "destination_type": "CIDR_BLOCK",
                "icmp_options": [
                  {
                    "code": 4,
                    "type": 3
                  }
                ],
                "protocol": "1",
                "stateless": false,
                "tcp_options": [],
                "udp_options": []
              },
              {
                "description": "Kubernetes worker to control plane communication",
                "destination": "10.0.0.0/28",
                "destination_type": "CIDR_BLOCK",
                "icmp_options": [],
                "protocol": "6",
                "stateless": false,
                "tcp_options": [
                  {
                    "max": 12250,
                    "min": 12250,
                    "source_port_range": []
                  }
                ],
                "udp_options": []
              },
              {
                "description": "Path discovery",
                "destination": "10.0.0.0/28",
                "destination_type": "CIDR_BLOCK",
                "icmp_options": [
                  {
                    "code": 4,
                    "type": 3
                  }
                ],
                "protocol": "1",
                "stateless": false,
                "tcp_options": [],
                "udp_options": []
              },
              {
                "description": "Worker Nodes access to Internet",
                "destination": "0.0.0.0/0",
                "destination_type": "CIDR_BLOCK",
                "icmp_options": [],
                "protocol": "all",
                "stateless": false,
                "tcp_options": [],
                "udp_options": []
              }
            ],
            "freeform_tags": {},
            "id": "ocid1.securitylist.oc1.ap-mumbai-1.aaaaaaaasgtodzjyfbok6j2jqukekdfas2uq5dlqbvdftzbtc7tbc3r2s5hq",
            "ingress_security_rules": [
              {
                "description": "Allow pods on one worker node to communicate with pods on other worker nodes",
                "icmp_options": [],
                "protocol": "all",
                "source": "10.0.10.0/24",
                "source_type": "CIDR_BLOCK",
                "stateless": false,
                "tcp_options": [],
                "udp_options": []
              },
              {
                "description": "Inbound SSH traffic to worker nodes",
                "icmp_options": [],
                "protocol": "6",
                "source": "0.0.0.0/0",
                "source_type": "CIDR_BLOCK",
                "stateless": false,
                "tcp_options": [
                  {
                    "max": 22,
                    "min": 22,
                    "source_port_range": []
                  }
                ],
                "udp_options": []
              },
              {
                "description": "Path discovery",
                "icmp_options": [
                  {
                    "code": 4,
                    "type": 3
                  }
                ],
                "protocol": "1",
                "source": "10.0.0.0/28",
                "source_type": "CIDR_BLOCK",
                "stateless": false,
                "tcp_options": [],
                "udp_options": []
              },
              {
                "description": "TCP access from Kubernetes Control Plane",
                "icmp_options": [],
                "protocol": "6",
                "source": "10.0.0.0/28",
                "source_type": "CIDR_BLOCK",
                "stateless": false,
                "tcp_options": [],
                "udp_options": []
              }
            ],
            "state": "AVAILABLE",
            "time_created": "2024-04-03 01:53:56.893 +0000 UTC",
            "timeouts": null,
            "vcn_id": "ocid1.vcn.oc1.ap-mumbai-1.amaaaaaay5l3z3ya5napr2nob7otwmuvhoxd5az5rfbu6fc44i65umcz6iva"
          },
          "sensitive_attributes": [],
          "private": "eyJlMmJmYjczMC1lY2FhLTExZTYtOGY4OC0zNDM2M2JjN2M0YzAiOnsiY3JlYXRlIjoxMjAwMDAwMDAwMDAwLCJkZWxldGUiOjEyMDAwMDAwMDAwMDAsInVwZGF0ZSI6MTIwMDAwMDAwMDAwMH19",
          "dependencies": [
            "data.oci_core_services.services",
            "data.oci_core_vcn.vcn",
            "oci_core_vcn.cloudbank_vcn"
          ]
        }
      ]
    },
    {
      "mode": "managed",
      "type": "oci_core_service_gateway",
      "name": "sgw",
      "provider": "provider[\"registry.terraform.io/oracle/oci\"]",
      "instances": [
        {
          "schema_version": 0,
          "attributes": {
            "block_traffic": false,
            "compartment_id": "ocid1.compartment.oc1..aaaaaaaaqhbzavhpwjjlcf43lgkjhhz2qbztfh6xbav24x7kfaxrtxvmgyra",
            "defined_tags": {
              "Oracle-Tags.CreatedBy": "oracleidentitycloudservice/howie.owi@oracle.com",
              "Oracle-Tags.CreatedOn": "2024-04-03T01:53:56.848Z",
              "env.env": "prod"
            },
            "display_name": "cloudbank-sgw",
            "freeform_tags": {},
            "id": "ocid1.servicegateway.oc1.ap-mumbai-1.aaaaaaaabas2i4xzaskzz2hspgqcbm7rw2mqh54w4eydnkp3ni4xhqjrzemq",
            "route_table_id": null,
            "services": [
              {
                "service_id": "ocid1.service.oc1.ap-mumbai-1.aaaaaaaalgcbq3vrynslsik576exhjek25p2j5abr6fpcrrsfr4d6h27jikq",
                "service_name": "All BOM Services In Oracle Services Network"
              }
            ],
            "state": "AVAILABLE",
            "time_created": "2024-04-03 01:53:57.194 +0000 UTC",
            "timeouts": null,
            "vcn_id": "ocid1.vcn.oc1.ap-mumbai-1.amaaaaaay5l3z3ya5napr2nob7otwmuvhoxd5az5rfbu6fc44i65umcz6iva"
          },
          "sensitive_attributes": [],
          "private": "eyJlMmJmYjczMC1lY2FhLTExZTYtOGY4OC0zNDM2M2JjN2M0YzAiOnsiY3JlYXRlIjoxMjAwMDAwMDAwMDAwLCJkZWxldGUiOjEyMDAwMDAwMDAwMDAsInVwZGF0ZSI6MTIwMDAwMDAwMDAwMH19",
          "dependencies": [
            "data.oci_core_services.services",
            "data.oci_core_vcn.vcn",
            "oci_core_vcn.cloudbank_vcn"
          ]
        }
      ]
    },
    {
      "mode": "managed",
      "type": "oci_core_subnet",
      "name": "regional_apiendpoint_subnet",
      "provider": "provider[\"registry.terraform.io/oracle/oci\"]",
      "instances": [
        {
          "schema_version": 0,
          "attributes": {
            "availability_domain": null,
            "cidr_block": "10.0.0.0/28",
            "compartment_id": "ocid1.compartment.oc1..aaaaaaaaqhbzavhpwjjlcf43lgkjhhz2qbztfh6xbav24x7kfaxrtxvmgyra",
            "defined_tags": {
              "Oracle-Tags.CreatedBy": "oracleidentitycloudservice/howie.owi@oracle.com",
              "Oracle-Tags.CreatedOn": "2024-04-03T01:53:57.566Z",
              "env.env": "prod"
            },
            "dhcp_options_id": "ocid1.dhcpoptions.oc1.ap-mumbai-1.aaaaaaaajdv2ipkvzxivbpuph6g5isf7a2r366nxfh7jqx7fjks64y5bzteq",
            "display_name": "cloudbank-regional-api-endpoint-subnet",
            "dns_label": "cbapisubnet",
            "freeform_tags": {},
            "id": "ocid1.subnet.oc1.ap-mumbai-1.aaaaaaaass4bj2g24ssuvo52xyoirpi6svdzru3z7zf7lh2lzaj6akk3r4za",
            "ipv6cidr_block": null,
            "ipv6cidr_blocks": [],
            "ipv6virtual_router_ip": null,
            "prohibit_internet_ingress": false,
            "prohibit_public_ip_on_vnic": false,
            "route_table_id": "ocid1.routetable.oc1.ap-mumbai-1.aaaaaaaakbgx2qqtb2tqvmuk7qj6qtczn5nwg3outn7j4m7v4nigjpm52cda",
            "security_list_ids": [
              "ocid1.securitylist.oc1.ap-mumbai-1.aaaaaaaand36gpohptwik4rot636fqzcocfinyqpjmr3wafg3obbwrbtwebq"
            ],
            "state": "AVAILABLE",
            "subnet_domain_name": "cbapisubnet.cloudbank.oraclevcn.com",
            "time_created": "2024-04-03 01:53:57.809 +0000 UTC",
            "timeouts": null,
            "vcn_id": "ocid1.vcn.oc1.ap-mumbai-1.amaaaaaay5l3z3ya5napr2nob7otwmuvhoxd5az5rfbu6fc44i65umcz6iva",
            "virtual_router_ip": "10.0.0.1",
            "virtual_router_mac": "00:00:17:D9:6D:64"
          },
          "sensitive_attributes": [],
          "private": "eyJlMmJmYjczMC1lY2FhLTExZTYtOGY4OC0zNDM2M2JjN2M0YzAiOnsiY3JlYXRlIjoxMjAwMDAwMDAwMDAwLCJkZWxldGUiOjEyMDAwMDAwMDAwMDAsInVwZGF0ZSI6MTIwMDAwMDAwMDAwMH19",
          "dependencies": [
            "data.oci_core_services.services",
            "data.oci_core_vcn.vcn",
            "oci_core_security_list.cloudbank-oke-k8sApiEndpoint",
            "oci_core_vcn.cloudbank_vcn"
          ]
        }
      ]
    },
    {
      "mode": "managed",
      "type": "oci_core_subnet",
      "name": "regional_node_subnet",
      "provider": "provider[\"registry.terraform.io/oracle/oci\"]",
      "instances": [
        {
          "schema_version": 0,
          "attributes": {
            "availability_domain": null,
            "cidr_block": "10.0.10.0/24",
            "compartment_id": "ocid1.compartment.oc1..aaaaaaaaqhbzavhpwjjlcf43lgkjhhz2qbztfh6xbav24x7kfaxrtxvmgyra",
            "defined_tags": {
              "Oracle-Tags.CreatedBy": "oracleidentitycloudservice/howie.owi@oracle.com",
              "Oracle-Tags.CreatedOn": "2024-04-03T01:53:56.934Z",
              "env.env": "prod"
            },
            "dhcp_options_id": "ocid1.dhcpoptions.oc1.ap-mumbai-1.aaaaaaaajdv2ipkvzxivbpuph6g5isf7a2r366nxfh7jqx7fjks64y5bzteq",
            "display_name": "cloudbank-regional-node-subnet",
            "dns_label": "cbnodesubnet",
            "freeform_tags": {},
            "id": "ocid1.subnet.oc1.ap-mumbai-1.aaaaaaaapdyz5as4xb3xsmaiamjvoetwvv4a43ko4mi4bhdgteaie6h6hxaa",
            "ipv6cidr_block": null,
            "ipv6cidr_blocks": [],
            "ipv6virtual_router_ip": null,
            "prohibit_internet_ingress": true,
            "prohibit_public_ip_on_vnic": true,
            "route_table_id": "ocid1.routetable.oc1.ap-mumbai-1.aaaaaaaanmv4n3yijrpn47e6h7mli55wcogkuxgnbtsmfn33e2mlk6y7jbpa",
            "security_list_ids": [
              "ocid1.securitylist.oc1.ap-mumbai-1.aaaaaaaasgtodzjyfbok6j2jqukekdfas2uq5dlqbvdftzbtc7tbc3r2s5hq"
            ],
            "state": "AVAILABLE",
            "subnet_domain_name": "cbnodesubnet.cloudbank.oraclevcn.com",
            "time_created": "2024-04-03 01:53:59.892 +0000 UTC",
            "timeouts": null,
            "vcn_id": "ocid1.vcn.oc1.ap-mumbai-1.amaaaaaay5l3z3ya5napr2nob7otwmuvhoxd5az5rfbu6fc44i65umcz6iva",
            "virtual_router_ip": "10.0.10.1",
            "virtual_router_mac": "00:00:17:D9:6D:64"
          },
          "sensitive_attributes": [],
          "private": "eyJlMmJmYjczMC1lY2FhLTExZTYtOGY4OC0zNDM2M2JjN2M0YzAiOnsiY3JlYXRlIjoxMjAwMDAwMDAwMDAwLCJkZWxldGUiOjEyMDAwMDAwMDAwMDAsInVwZGF0ZSI6MTIwMDAwMDAwMDAwMH19",
          "dependencies": [
            "data.oci_core_services.services",
            "data.oci_core_vcn.vcn",
            "oci_core_nat_gateway.oke-ngw",
            "oci_core_route_table.oke-private-rt",
            "oci_core_security_list.node_security_list",
            "oci_core_service_gateway.sgw",
            "oci_core_vcn.cloudbank_vcn"
          ]
        }
      ]
    },
    {
      "mode": "managed",
      "type": "oci_core_subnet",
      "name": "regional_svclb_subnet",
      "provider": "provider[\"registry.terraform.io/oracle/oci\"]",
      "instances": [
        {
          "schema_version": 0,
          "attributes": {
            "availability_domain": null,
            "cidr_block": "10.0.20.0/24",
            "compartment_id": "ocid1.compartment.oc1..aaaaaaaaqhbzavhpwjjlcf43lgkjhhz2qbztfh6xbav24x7kfaxrtxvmgyra",
            "defined_tags": {
              "Oracle-Tags.CreatedBy": "oracleidentitycloudservice/howie.owi@oracle.com",
              "Oracle-Tags.CreatedOn": "2024-04-03T01:53:56.934Z",
              "env.env": "prod"
            },
            "dhcp_options_id": "ocid1.dhcpoptions.oc1.ap-mumbai-1.aaaaaaaajdv2ipkvzxivbpuph6g5isf7a2r366nxfh7jqx7fjks64y5bzteq",
            "display_name": "cloudbank-regional-svclb-subnet",
            "dns_label": "cbsvclbsubnet",
            "freeform_tags": {},
            "id": "ocid1.subnet.oc1.ap-mumbai-1.aaaaaaaayyrtxvcke64v3dzkbubrbiakfc6wp4hcy3cdhre3fov2a7vsvtaq",
            "ipv6cidr_block": null,
            "ipv6cidr_blocks": [],
            "ipv6virtual_router_ip": null,
            "prohibit_internet_ingress": false,
            "prohibit_public_ip_on_vnic": false,
            "route_table_id": "ocid1.routetable.oc1.ap-mumbai-1.aaaaaaaakbgx2qqtb2tqvmuk7qj6qtczn5nwg3outn7j4m7v4nigjpm52cda",
            "security_list_ids": [
              "ocid1.securitylist.oc1.ap-mumbai-1.aaaaaaaaf4ailp4rxezh7436ltrfqp6ovy5n4lzgcosbabwzdmr2hcwuxvba"
            ],
            "state": "AVAILABLE",
            "subnet_domain_name": "cbsvclbsubnet.cloudbank.oraclevcn.com",
            "time_created": "2024-04-03 01:53:57.274 +0000 UTC",
            "timeouts": null,
            "vcn_id": "ocid1.vcn.oc1.ap-mumbai-1.amaaaaaay5l3z3ya5napr2nob7otwmuvhoxd5az5rfbu6fc44i65umcz6iva",
            "virtual_router_ip": "10.0.20.1",
            "virtual_router_mac": "00:00:17:D9:6D:64"
          },
          "sensitive_attributes": [],
          "private": "eyJlMmJmYjczMC1lY2FhLTExZTYtOGY4OC0zNDM2M2JjN2M0YzAiOnsiY3JlYXRlIjoxMjAwMDAwMDAwMDAwLCJkZWxldGUiOjEyMDAwMDAwMDAwMDAsInVwZGF0ZSI6MTIwMDAwMDAwMDAwMH19",
          "dependencies": [
            "data.oci_core_vcn.vcn",
            "oci_core_vcn.cloudbank_vcn"
          ]
        }
      ]
    },
    {
      "mode": "managed",
      "type": "oci_core_vcn",
      "name": "cloudbank_vcn",
      "provider": "provider[\"registry.terraform.io/oracle/oci\"]",
      "instances": [
        {
          "index_key": 0,
          "schema_version": 0,
          "attributes": {
            "byoipv6cidr_blocks": [],
            "byoipv6cidr_details": null,
            "cidr_block": "10.0.0.0/16",
            "cidr_blocks": [
              "10.0.0.0/16"
            ],
            "compartment_id": "ocid1.compartment.oc1..aaaaaaaaqhbzavhpwjjlcf43lgkjhhz2qbztfh6xbav24x7kfaxrtxvmgyra",
            "default_dhcp_options_id": "ocid1.dhcpoptions.oc1.ap-mumbai-1.aaaaaaaajdv2ipkvzxivbpuph6g5isf7a2r366nxfh7jqx7fjks64y5bzteq",
            "default_route_table_id": "ocid1.routetable.oc1.ap-mumbai-1.aaaaaaaakbgx2qqtb2tqvmuk7qj6qtczn5nwg3outn7j4m7v4nigjpm52cda",
            "default_security_list_id": "ocid1.securitylist.oc1.ap-mumbai-1.aaaaaaaaf4ailp4rxezh7436ltrfqp6ovy5n4lzgcosbabwzdmr2hcwuxvba",
            "defined_tags": {
              "Oracle-Tags.CreatedBy": "oracleidentitycloudservice/howie.owi@oracle.com",
              "Oracle-Tags.CreatedOn": "2024-04-03T01:53:55.090Z",
              "env.env": "prod"
            },
            "display_name": "cloudbank-oke-vcn",
            "dns_label": "cloudbank",
            "freeform_tags": {},
            "id": "ocid1.vcn.oc1.ap-mumbai-1.amaaaaaay5l3z3ya5napr2nob7otwmuvhoxd5az5rfbu6fc44i65umcz6iva",
            "ipv6cidr_blocks": [],
            "ipv6private_cidr_blocks": [],
            "is_ipv6enabled": false,
            "is_oracle_gua_allocation_enabled": null,
            "state": "AVAILABLE",
            "time_created": "2024-04-03 01:53:55.184 +0000 UTC",
            "timeouts": null,
            "vcn_domain_name": "cloudbank.oraclevcn.com"
          },
          "sensitive_attributes": [],
          "private": "eyJlMmJmYjczMC1lY2FhLTExZTYtOGY4OC0zNDM2M2JjN2M0YzAiOnsiY3JlYXRlIjoxMjAwMDAwMDAwMDAwLCJkZWxldGUiOjEyMDAwMDAwMDAwMDAsInVwZGF0ZSI6MTIwMDAwMDAwMDAwMH19"
        }
      ]
    },
    {
      "module": "module.jenkins-build",
      "mode": "data",
      "type": "oci_core_images",
      "name": "instance_images",
      "provider": "module.jenkins-build.provider[\"registry.terraform.io/oracle/oci\"]",
      "instances": [
        {
          "schema_version": 0,
          "attributes": {
            "compartment_id": "ocid1.compartment.oc1..aaaaaaaaqhbzavhpwjjlcf43lgkjhhz2qbztfh6xbav24x7kfaxrtxvmgyra",
            "display_name": null,
            "filter": [
              {
                "name": "display_name",
                "regex": true,
                "values": [
                  "^.*Oracle[^G]*$"
                ]
              }
            ],
            "id": "CoreImagesDataSource-1945359365",
            "images": [
              {
                "agent_features": [],
                "base_image_id": "",
                "billable_size_in_gbs": "4",
                "compartment_id": "",
                "create_image_allowed": true,
                "defined_tags": {},
                "display_name": "Oracle-Linux-7.9-2024.02.26-0",
                "freeform_tags": {},
                "id": "ocid1.image.oc1.ap-mumbai-1.aaaaaaaaf5db7zum5naht7fsxudvijply6e5hzajgsbv2doshrnbmeal27fa",
                "image_source_details": [],
                "instance_id": "",
                "launch_mode": "NATIVE",
                "launch_options": [
                  {
                    "boot_volume_type": "PARAVIRTUALIZED",
                    "firmware": "UEFI_64",
                    "is_consistent_volume_naming_enabled": true,
                    "is_pv_encryption_in_transit_enabled": true,
                    "network_type": "PARAVIRTUALIZED",
                    "remote_data_volume_type": "PARAVIRTUALIZED"
                  }
                ],
                "listing_type": "",
                "operating_system": "Oracle Linux",
                "operating_system_version": "7.9",
                "size_in_mbs": "47694",
                "state": "AVAILABLE",
                "time_created": "2024-03-07 06:30:58.075 +0000 UTC"
              },
              {
                "agent_features": [],
                "base_image_id": "",
                "billable_size_in_gbs": "4",
                "compartment_id": "",
                "create_image_allowed": true,
                "defined_tags": {},
                "display_name": "Oracle-Linux-7.9-2024.01.23-0",
                "freeform_tags": {},
                "id": "ocid1.image.oc1.ap-mumbai-1.aaaaaaaab7fzyrs6tzxckuv26irl3lzidiknjhe3sydeqxlu4zf2vsbf7oeq",
                "image_source_details": [],
                "instance_id": "",
                "launch_mode": "NATIVE",
                "launch_options": [
                  {
                    "boot_volume_type": "PARAVIRTUALIZED",
                    "firmware": "UEFI_64",
                    "is_consistent_volume_naming_enabled": true,
                    "is_pv_encryption_in_transit_enabled": true,
                    "network_type": "PARAVIRTUALIZED",
                    "remote_data_volume_type": "PARAVIRTUALIZED"
                  }
                ],
                "listing_type": "",
                "operating_system": "Oracle Linux",
                "operating_system_version": "7.9",
                "size_in_mbs": "47694",
                "state": "AVAILABLE",
                "time_created": "2024-02-03 21:15:40.931 +0000 UTC"
              },
              {
                "agent_features": [],
                "base_image_id": "",
                "billable_size_in_gbs": "4",
                "compartment_id": "",
                "create_image_allowed": true,
                "defined_tags": {},
                "display_name": "Oracle-Linux-7.9-2023.12.08-0",
                "freeform_tags": {},
                "id": "ocid1.image.oc1.ap-mumbai-1.aaaaaaaag7dv4km3oql6c4xtoxuqyzcos3yx2imtlqypuhsiqlh3gkspeb4a",
                "image_source_details": [],
                "instance_id": "",
                "launch_mode": "NATIVE",
                "launch_options": [
                  {
                    "boot_volume_type": "PARAVIRTUALIZED",
                    "firmware": "UEFI_64",
                    "is_consistent_volume_naming_enabled": true,
                    "is_pv_encryption_in_transit_enabled": true,
                    "network_type": "PARAVIRTUALIZED",
                    "remote_data_volume_type": "PARAVIRTUALIZED"
                  }
                ],
                "listing_type": "",
                "operating_system": "Oracle Linux",
                "operating_system_version": "7.9",
                "size_in_mbs": "47694",
                "state": "AVAILABLE",
                "time_created": "2023-12-15 08:52:00.538 +0000 UTC"
              }
            ],
            "operating_system": "Oracle Linux",
            "operating_system_version": "7.9",
            "shape": "VM.Standard.E3.Flex",
            "sort_by": null,
            "sort_order": null,
            "state": null
          },
          "sensitive_attributes": []
        }
      ]
    },
    {
      "module": "module.jenkins-build",
      "mode": "data",
      "type": "oci_core_private_ips",
      "name": "jenkins_private_ip",
      "provider": "module.jenkins-build.provider[\"registry.terraform.io/oracle/oci\"]",
      "instances": [
        {
          "schema_version": 0,
          "attributes": {
            "filter": null,
            "id": "CorePrivateIpsDataSource-2443701336",
            "ip_address": null,
            "private_ips": [
              {
                "availability_domain": "HnmI:AP-MUMBAI-1-AD-1",
                "compartment_id": "ocid1.compartment.oc1..aaaaaaaaqhbzavhpwjjlcf43lgkjhhz2qbztfh6xbav24x7kfaxrtxvmgyra",
                "defined_tags": {
                  "Oracle-Tags.CreatedBy": "oracleidentitycloudservice/howie.owi@oracle.com",
                  "Oracle-Tags.CreatedOn": "2024-04-03T01:54:01.771Z",
                  "env.env": "prod"
                },
                "display_name": "primaryvnic",
                "freeform_tags": {},
                "hostname_label": "primaryvnic",
                "id": "ocid1.privateip.oc1.ap-mumbai-1.abrg6ljrzslker5v65k7jp67nkpv4pxiagfbnl5fgtxllykv5kh3ojdiaipq",
                "ip_address": "10.0.30.8",
                "is_primary": true,
                "is_reserved": false,
                "subnet_id": "ocid1.subnet.oc1.ap-mumbai-1.aaaaaaaalok54g3g2kxc646e6fjy6keb22r7qbb3ukwyvsqlwohtcmopg6ua",
                "time_created": "2024-04-03 01:54:06.722 +0000 UTC",
                "vlan_id": "",
                "vnic_id": "ocid1.vnic.oc1.ap-mumbai-1.abrg6ljrklexxsmn3nfrwcpltcti5fooz3a3bpqqeihx65w7q5l5d3ow5npa"
              }
            ],
            "subnet_id": null,
            "vlan_id": null,
            "vnic_id": "ocid1.vnic.oc1.ap-mumbai-1.abrg6ljrklexxsmn3nfrwcpltcti5fooz3a3bpqqeihx65w7q5l5d3ow5npa"
          },
          "sensitive_attributes": []
        }
      ]
    },
    {
      "module": "module.jenkins-build",
      "mode": "data",
      "type": "oci_core_vcn",
      "name": "vcn",
      "provider": "module.jenkins-build.provider[\"registry.terraform.io/oracle/oci\"]",
      "instances": [
        {
          "schema_version": 0,
          "attributes": {
            "byoipv6cidr_blocks": [],
            "byoipv6cidr_details": null,
            "cidr_block": "10.0.0.0/16",
            "cidr_blocks": [
              "10.0.0.0/16"
            ],
            "compartment_id": "ocid1.compartment.oc1..aaaaaaaaqhbzavhpwjjlcf43lgkjhhz2qbztfh6xbav24x7kfaxrtxvmgyra",
            "default_dhcp_options_id": "ocid1.dhcpoptions.oc1.ap-mumbai-1.aaaaaaaaduyz5fozyto5okoc3a7g54zfxr4u6rsjsliqzflunbr6z3cp7fqa",
            "default_route_table_id": "ocid1.routetable.oc1.ap-mumbai-1.aaaaaaaaw6rlg7vxibjcwifotmqyznc27irdubchmo4uadfubuol5svkhcsq",
            "default_security_list_id": "ocid1.securitylist.oc1.ap-mumbai-1.aaaaaaaalukthcmwoolwueloe4lbjmsqg4hzizpdmnnh4jsv7u3gg6kgdd5q",
            "defined_tags": {
              "Oracle-Tags.CreatedBy": "oracleidentitycloudservice/howie.owi@oracle.com",
              "Oracle-Tags.CreatedOn": "2024-04-03T01:53:55.407Z",
              "env.env": "prod"
            },
            "display_name": "jenkins-vcn",
            "dns_label": "jnknsvcn",
            "freeform_tags": {},
            "id": "ocid1.vcn.oc1.ap-mumbai-1.amaaaaaay5l3z3ya3pxl53yqueuhxlrmlmyuf2pefbibdezka5irpuvm5y3a",
            "ipv6cidr_blocks": [],
            "ipv6private_cidr_blocks": [],
            "is_ipv6enabled": null,
            "is_oracle_gua_allocation_enabled": null,
            "state": "AVAILABLE",
            "time_created": "2024-04-03 01:53:55.531 +0000 UTC",
            "vcn_domain_name": "jnknsvcn.oraclevcn.com",
            "vcn_id": "ocid1.vcn.oc1.ap-mumbai-1.amaaaaaay5l3z3ya3pxl53yqueuhxlrmlmyuf2pefbibdezka5irpuvm5y3a"
          },
          "sensitive_attributes": []
        }
      ]
    },
    {
      "module": "module.jenkins-build",
      "mode": "data",
      "type": "oci_core_vnic",
      "name": "jenkins_vnic",
      "provider": "module.jenkins-build.provider[\"registry.terraform.io/oracle/oci\"]",
      "instances": [
        {
          "schema_version": 0,
          "attributes": {
            "availability_domain": "HnmI:AP-MUMBAI-1-AD-1",
            "compartment_id": "ocid1.compartment.oc1..aaaaaaaaqhbzavhpwjjlcf43lgkjhhz2qbztfh6xbav24x7kfaxrtxvmgyra",
            "defined_tags": {
              "Oracle-Tags.CreatedBy": "oracleidentitycloudservice/howie.owi@oracle.com",
              "Oracle-Tags.CreatedOn": "2024-04-03T01:54:01.771Z",
              "env.env": "prod"
            },
            "display_name": "primaryvnic",
            "freeform_tags": {},
            "hostname_label": "primaryvnic",
            "id": "ocid1.vnic.oc1.ap-mumbai-1.abrg6ljrklexxsmn3nfrwcpltcti5fooz3a3bpqqeihx65w7q5l5d3ow5npa",
            "ipv6addresses": [],
            "is_primary": true,
            "mac_address": "02:00:17:00:AA:18",
            "nsg_ids": [],
            "private_ip_address": "10.0.30.8",
            "public_ip_address": null,
            "skip_source_dest_check": false,
            "state": "AVAILABLE",
            "subnet_id": "ocid1.subnet.oc1.ap-mumbai-1.aaaaaaaalok54g3g2kxc646e6fjy6keb22r7qbb3ukwyvsqlwohtcmopg6ua",
            "time_created": "2024-04-03 01:54:06.722 +0000 UTC",
            "vlan_id": null,
            "vnic_id": "ocid1.vnic.oc1.ap-mumbai-1.abrg6ljrklexxsmn3nfrwcpltcti5fooz3a3bpqqeihx65w7q5l5d3ow5npa"
          },
          "sensitive_attributes": []
        }
      ]
    },
    {
      "module": "module.jenkins-build",
      "mode": "data",
      "type": "oci_core_vnic_attachments",
      "name": "jenkins_vnics",
      "provider": "module.jenkins-build.provider[\"registry.terraform.io/oracle/oci\"]",
      "instances": [
        {
          "schema_version": 0,
          "attributes": {
            "availability_domain": "HnmI:AP-MUMBAI-1-AD-1",
            "compartment_id": "ocid1.compartment.oc1..aaaaaaaaqhbzavhpwjjlcf43lgkjhhz2qbztfh6xbav24x7kfaxrtxvmgyra",
            "filter": null,
            "id": "CoreVnicAttachmentsDataSource-246915546",
            "instance_id": "ocid1.instance.oc1.ap-mumbai-1.anrg6ljry5l3z3ycre2ernrlxxfwehjxdoiv4qmojmjljskxau64oszo7kzq",
            "vnic_attachments": [
              {
                "availability_domain": "HnmI:AP-MUMBAI-1-AD-1",
                "compartment_id": "ocid1.compartment.oc1..aaaaaaaaqhbzavhpwjjlcf43lgkjhhz2qbztfh6xbav24x7kfaxrtxvmgyra",
                "create_vnic_details": [],
                "display_name": "",
                "id": "ocid1.vnicattachment.oc1.ap-mumbai-1.anrg6ljry5l3z3ycemuqqw433nyir6w3yntegf3y2vw57xg2yvswqghreeia",
                "instance_id": "ocid1.instance.oc1.ap-mumbai-1.anrg6ljry5l3z3ycre2ernrlxxfwehjxdoiv4qmojmjljskxau64oszo7kzq",
                "nic_index": 0,
                "state": "ATTACHED",
                "subnet_id": "ocid1.subnet.oc1.ap-mumbai-1.aaaaaaaalok54g3g2kxc646e6fjy6keb22r7qbb3ukwyvsqlwohtcmopg6ua",
                "time_created": "2024-04-03 01:54:06.896 +0000 UTC",
                "vlan_id": "",
                "vlan_tag": 2120,
                "vnic_id": "ocid1.vnic.oc1.ap-mumbai-1.abrg6ljrklexxsmn3nfrwcpltcti5fooz3a3bpqqeihx65w7q5l5d3ow5npa"
              }
            ],
            "vnic_id": null
          },
          "sensitive_attributes": []
        }
      ]
    },
    {
      "module": "module.jenkins-build",
      "mode": "data",
      "type": "oci_identity_availability_domains",
      "name": "ADs",
      "provider": "module.jenkins-build.provider[\"registry.terraform.io/oracle/oci\"]",
      "instances": [
        {
          "schema_version": 0,
          "attributes": {
            "availability_domains": [
              {
                "compartment_id": "ocid1.compartment.oc1..aaaaaaaaqhbzavhpwjjlcf43lgkjhhz2qbztfh6xbav24x7kfaxrtxvmgyra",
                "id": "ocid1.availabilitydomain.oc1..aaaaaaaaqnfxrjivkxya4njkefe2dgbfwua6mxpvzhqal6zzekgsvjchoyjq",
                "name": "HnmI:AP-MUMBAI-1-AD-1"
              }
            ],
            "compartment_id": "ocid1.compartment.oc1..aaaaaaaaqhbzavhpwjjlcf43lgkjhhz2qbztfh6xbav24x7kfaxrtxvmgyra",
            "filter": null,
            "id": "IdentityAvailabilityDomainsDataSource-2415148455"
          },
          "sensitive_attributes": []
        }
      ]
    },
    {
      "module": "module.jenkins-build",
      "mode": "data",
      "type": "template_file",
      "name": "jenkins_docker_compose",
      "provider": "provider[\"registry.terraform.io/hashicorp/template\"]",
      "instances": [
        {
          "schema_version": 0,
          "attributes": {
            "filename": null,
            "id": "caf6c30d5ff3b8e71f5cf31af74278964db6e533b80ecbc94ff3b022aa8ddcaa",
            "rendered": "version: '3'\n\nvolumes:\n  jenkins_home:\n  jenkinsRef:\n\nservices:\n\n  jenkins:\n    container_name: jenkins-docker\n    restart: always\n    privileged: true\n    build: .\n    ports:\n      - 80:8080\n    volumes:\n      - jenkins_home:/var/jenkins_home\n      - jenkinsRef:/usr/share/jenkins/ref\n      - \"./casc.yaml:/jenkins/config/casc.yaml\"\n      - /var/run/docker.sock:/var/run/docker.sock\n    environment:\n      - JAVA_OPTS=\"-Djenkins.install.runSetupWizard=false\"\n      - JENKINS_ADMIN_ID=admin\n      - JENKINS_ADMIN_PASSWORD=CloudbankPass12345\n      - CASC_JENKINS_CONFIG=/jenkins/config/casc.yaml\n",
            "template": "version: '3'\n\nvolumes:\n  jenkins_home:\n  jenkinsRef:\n\nservices:\n\n  jenkins:\n    container_name: jenkins-docker\n    restart: always\n    privileged: true\n    build: .\n    ports:\n      - 80:8080\n    volumes:\n      - jenkins_home:/var/jenkins_home\n      - jenkinsRef:/usr/share/jenkins/ref\n      - \"./casc.yaml:/jenkins/config/casc.yaml\"\n      - /var/run/docker.sock:/var/run/docker.sock\n    environment:\n      - JAVA_OPTS=\"-Djenkins.install.runSetupWizard=false\"\n      - JENKINS_ADMIN_ID=${jenkins_user}\n      - JENKINS_ADMIN_PASSWORD=${jenkins_password}\n      - CASC_JENKINS_CONFIG=/jenkins/config/casc.yaml\n",
            "vars": {
              "jenkins_password": "CloudbankPass12345",
              "jenkins_user": "admin",
              "public_key_openssh": "ssh-rsa AAAAB3NzaC1yc2EAAAADAQABAAABAQCk7Nl+9XABFo4UtE1sNJtkza2ACIUdvQIuKpAKrB01H/tOMcTC4AskvOAVv20UrogD2OHSvIM1ugdQWPMnLTZzUZjJIeBm3LFhgLKGwGMS5bBOOZAkqANCiQBWPatpcpDT2/RdSZPOxjSG2KKQz8+I0ufKJjcuiqPef1TolAyTJobSTjplptEQW6zWyRwnRlqBSem63pm4lgvlICMdaGS08GkHpbk8ABTuxORlYTULsAo9r2LQZ2myMPB3MYFyuFK3TU8c23Njr6s3N6xMog0GlhoQHzDuzLGO3MxyQ9KGnq/cnj4z3oFc8W0VQ76xPalSfXojNr573clu7nNPLwLR\n"
            }
          },
          "sensitive_attributes": [
            [
              {
                "type": "get_attr",
                "value": "vars"
              },
              {
                "type": "index",
                "value": {
                  "value": "jenkins_password",
                  "type": "string"
                }
              }
            ]
          ]
        }
      ]
    },
    {
      "module": "module.jenkins-build",
      "mode": "managed",
      "type": "null_resource",
      "name": "jenkins_provisioner",
      "provider": "provider[\"registry.terraform.io/hashicorp/null\"]",
      "instances": [
        {
          "schema_version": 0,
          "attributes": {
            "id": "6282606914627806520",
            "triggers": null
          },
          "sensitive_attributes": [],
          "dependencies": [
            "data.oci_core_vcn.vcn",
            "module.jenkins-build.data.oci_core_images.instance_images",
            "module.jenkins-build.data.oci_core_private_ips.jenkins_private_ip",
            "module.jenkins-build.data.oci_core_vcn.vcn",
            "module.jenkins-build.data.oci_core_vnic.jenkins_vnic",
            "module.jenkins-build.data.oci_core_vnic_attachments.jenkins_vnics",
            "module.jenkins-build.data.oci_identity_availability_domains.ADs",
            "module.jenkins-build.data.template_file.jenkins_docker_compose",
            "module.jenkins-build.oci_core_instance.jenkins_vm",
            "module.jenkins-build.oci_core_internet_gateway.igw",
            "module.jenkins-build.oci_core_public_ip.jenkins_public_ip",
            "module.jenkins-build.oci_core_route_table.pub_rt",
            "module.jenkins-build.oci_core_security_list.pub_sl_http",
            "module.jenkins-build.oci_core_security_list.pub_sl_ssh",
            "module.jenkins-build.oci_core_subnet.pub_jenkins_subnet",
            "module.jenkins-build.oci_core_vcn.jenkins_vcn",
            "module.jenkins-build.tls_private_key.tls_key_pair",
            "oci_core_internet_gateway.igw",
            "oci_core_vcn.cloudbank_vcn"
          ]
        }
      ]
    },
    {
      "module": "module.jenkins-build",
      "mode": "managed",
      "type": "oci_core_instance",
      "name": "jenkins_vm",
      "provider": "module.jenkins-build.provider[\"registry.terraform.io/oracle/oci\"]",
      "instances": [
        {
          "schema_version": 0,
          "attributes": {
            "agent_config": [
              {
                "are_all_plugins_disabled": false,
                "is_management_disabled": false,
                "is_monitoring_disabled": false,
                "plugins_config": []
              }
            ],
            "async": null,
            "availability_config": [
              {
                "is_live_migration_preferred": false,
                "recovery_action": "RESTORE_INSTANCE"
              }
            ],
            "availability_domain": "HnmI:AP-MUMBAI-1-AD-1",
            "boot_volume_id": "ocid1.bootvolume.oc1.ap-mumbai-1.abrg6ljrc5ix2swfszml4qmhbkviv4avorthndkrgsugxb3sojxe5nvm3gaa",
            "capacity_reservation_id": null,
            "compartment_id": "ocid1.compartment.oc1..aaaaaaaaqhbzavhpwjjlcf43lgkjhhz2qbztfh6xbav24x7kfaxrtxvmgyra",
            "compute_cluster_id": null,
            "create_vnic_details": [
              {
                "assign_ipv6ip": false,
                "assign_private_dns_record": false,
                "assign_public_ip": "false",
                "defined_tags": {
                  "Oracle-Tags.CreatedBy": "oracleidentitycloudservice/howie.owi@oracle.com",
                  "Oracle-Tags.CreatedOn": "2024-04-03T01:54:01.771Z",
                  "env.env": "prod"
                },
                "display_name": "primaryvnic",
                "freeform_tags": {},
                "hostname_label": "primaryvnic",
                "ipv6address_ipv6subnet_cidr_pair_details": [],
                "nsg_ids": [],
                "private_ip": "10.0.30.8",
                "skip_source_dest_check": false,
                "subnet_id": "ocid1.subnet.oc1.ap-mumbai-1.aaaaaaaalok54g3g2kxc646e6fjy6keb22r7qbb3ukwyvsqlwohtcmopg6ua",
                "vlan_id": ""
              }
            ],
            "dedicated_vm_host_id": null,
            "defined_tags": {
              "Oracle-Tags.CreatedBy": "oracleidentitycloudservice/howie.owi@oracle.com",
              "Oracle-Tags.CreatedOn": "2024-04-03T01:54:01.643Z",
              "env.env": "prod"
            },
            "display_name": "jenkins-vm",
            "extended_metadata": {},
            "fault_domain": "FAULT-DOMAIN-2",
            "freeform_tags": {},
            "hostname_label": "primaryvnic",
            "id": "ocid1.instance.oc1.ap-mumbai-1.anrg6ljry5l3z3ycre2ernrlxxfwehjxdoiv4qmojmjljskxau64oszo7kzq",
            "image": "ocid1.image.oc1.ap-mumbai-1.aaaaaaaaf5db7zum5naht7fsxudvijply6e5hzajgsbv2doshrnbmeal27fa",
            "instance_configuration_id": null,
            "instance_options": [
              {
                "are_legacy_imds_endpoints_disabled": false
              }
            ],
            "ipxe_script": null,
            "is_cross_numa_node": false,
            "is_pv_encryption_in_transit_enabled": null,
            "launch_mode": "PARAVIRTUALIZED",
            "launch_options": [
              {
                "boot_volume_type": "PARAVIRTUALIZED",
                "firmware": "UEFI_64",
                "is_consistent_volume_naming_enabled": true,
                "is_pv_encryption_in_transit_enabled": false,
                "network_type": "PARAVIRTUALIZED",
                "remote_data_volume_type": "PARAVIRTUALIZED"
              }
            ],
            "launch_volume_attachments": null,
            "metadata": {
              "ssh_authorized_keys": "ssh-rsa AAAAB3NzaC1yc2EAAAADAQABAAABAQCk7Nl+9XABFo4UtE1sNJtkza2ACIUdvQIuKpAKrB01H/tOMcTC4AskvOAVv20UrogD2OHSvIM1ugdQWPMnLTZzUZjJIeBm3LFhgLKGwGMS5bBOOZAkqANCiQBWPatpcpDT2/RdSZPOxjSG2KKQz8+I0ufKJjcuiqPef1TolAyTJobSTjplptEQW6zWyRwnRlqBSem63pm4lgvlICMdaGS08GkHpbk8ABTuxORlYTULsAo9r2LQZ2myMPB3MYFyuFK3TU8c23Njr6s3N6xMog0GlhoQHzDuzLGO3MxyQ9KGnq/cnj4z3oFc8W0VQ76xPalSfXojNr573clu7nNPLwLR\n",
              "user_data": "I2Nsb3VkLWNvbmZpZwoKYm9vdGNtZDoKICAtIFsgY2xvdWQtaW5pdC1wZXIsIG9uY2UsIGVuYWJsZS1lcGVsLCAgeXVtLWNvbmZpZy1tYW5hZ2VyLCAtLWVuYWJsZSwgb2w3X2RldmVsb3Blcl9lcGVsXQoKZ3JvdXBzOgogIC0gZG9ja2VyCnVzZXJzOgogIC0gZGVmYXVsdCAKICAtIG5hbWU6IG9wYwogICAgZ3JvdXBzOiBkb2NrZXIKICAgIHNoZWxsOiAvYmluL2Jhc2gKICAgIHN1ZG86IEFMTD0oQUxMKSBOT1BBU1NXRDpBTEwKCiMgdXBkYXRlIHBhY2thZ2UKcGFja2FnZV91cGRhdGU6IHRydWUKCiMgaW5zdGFsbCBkb2NrZXIKcGFja2FnZXM6CiAtIGRvY2tlci1lbmdpbmUKIC0gZG9ja2VyLWNvbXBvc2UKCnJ1bmNtZDoKICAtIFsgc3lzdGVtY3RsLCBkYWVtb24tcmVsb2FkIF0KICAtIFsgc3lzdGVtY3RsLCBlbmFibGUsIGRvY2tlci5zZXJ2aWNlIF0KICAtIFsgc3lzdGVtY3RsLCBzdGFydCwgLS1uby1ibG9jaywgZG9ja2VyLnNlcnZpY2UgXQogIC0gWyB0b3VjaCwgL3RtcC9jbG91ZC1pbml0LWNvbXBsZXRlIF0K"
            },
            "platform_config": [],
            "preemptible_instance_config": [],
            "preserve_boot_volume": null,
            "preserve_data_volumes_created_at_launch": null,
            "private_ip": "10.0.30.8",
            "public_ip": "",
            "region": "ap-mumbai-1",
            "shape": "VM.Standard.E3.Flex",
            "shape_config": [
              {
                "baseline_ocpu_utilization": "",
                "gpu_description": "",
                "gpus": 0,
                "local_disk_description": "",
                "local_disks": 0,
                "local_disks_total_size_in_gbs": 0,
                "max_vnic_attachments": 2,
                "memory_in_gbs": 16,
                "networking_bandwidth_in_gbps": 1,
                "nvmes": 0,
                "ocpus": 1,
                "processor_description": "2.25 GHz AMD EPYC™ 7742 (Rome)",
                "vcpus": 2
              }
            ],
            "source_details": [
              {
                "boot_volume_size_in_gbs": "47",
                "boot_volume_vpus_per_gb": "10",
                "instance_source_image_filter_details": [],
                "kms_key_id": "",
                "source_id": "ocid1.image.oc1.ap-mumbai-1.aaaaaaaaf5db7zum5naht7fsxudvijply6e5hzajgsbv2doshrnbmeal27fa",
                "source_type": "image"
              }
            ],
            "state": "RUNNING",
            "subnet_id": "ocid1.subnet.oc1.ap-mumbai-1.aaaaaaaalok54g3g2kxc646e6fjy6keb22r7qbb3ukwyvsqlwohtcmopg6ua",
            "system_tags": {},
            "time_created": "2024-04-03 01:54:02.144 +0000 UTC",
            "time_maintenance_reboot_due": "",
            "timeouts": null,
            "update_operation_constraint": null
          },
          "sensitive_attributes": [
            [
              {
                "type": "get_attr",
                "value": "metadata"
              },
              {
                "type": "index",
                "value": {
                  "value": "user_data",
                  "type": "string"
                }
              }
            ]
          ],
          "private": "eyJlMmJmYjczMC1lY2FhLTExZTYtOGY4OC0zNDM2M2JjN2M0YzAiOnsiY3JlYXRlIjoyNzAwMDAwMDAwMDAwLCJkZWxldGUiOjQ1MDAwMDAwMDAwMDAsInVwZGF0ZSI6MjcwMDAwMDAwMDAwMH19",
          "dependencies": [
            "data.oci_core_vcn.vcn",
            "module.jenkins-build.data.oci_core_images.instance_images",
            "module.jenkins-build.data.oci_core_vcn.vcn",
            "module.jenkins-build.data.oci_identity_availability_domains.ADs",
            "module.jenkins-build.oci_core_internet_gateway.igw",
            "module.jenkins-build.oci_core_route_table.pub_rt",
            "module.jenkins-build.oci_core_security_list.pub_sl_http",
            "module.jenkins-build.oci_core_security_list.pub_sl_ssh",
            "module.jenkins-build.oci_core_subnet.pub_jenkins_subnet",
            "module.jenkins-build.oci_core_vcn.jenkins_vcn",
            "module.jenkins-build.tls_private_key.tls_key_pair",
            "oci_core_internet_gateway.igw",
            "oci_core_vcn.cloudbank_vcn"
          ]
        }
      ]
    },
    {
      "module": "module.jenkins-build",
      "mode": "managed",
      "type": "oci_core_internet_gateway",
      "name": "igw",
      "provider": "module.jenkins-build.provider[\"registry.terraform.io/oracle/oci\"]",
      "instances": [
        {
          "index_key": 0,
          "schema_version": 0,
          "attributes": {
            "compartment_id": "ocid1.compartment.oc1..aaaaaaaaqhbzavhpwjjlcf43lgkjhhz2qbztfh6xbav24x7kfaxrtxvmgyra",
            "defined_tags": {
              "Oracle-Tags.CreatedBy": "oracleidentitycloudservice/howie.owi@oracle.com",
              "Oracle-Tags.CreatedOn": "2024-04-03T01:53:56.547Z",
              "env.env": "prod"
            },
            "display_name": "jenkins-vcn-igw",
            "enabled": true,
            "freeform_tags": {},
            "id": "ocid1.internetgateway.oc1.ap-mumbai-1.aaaaaaaau527juwe7arcryfebxcndtlk2ykzedjahbm46anhixkqvh5ytpca",
            "route_table_id": null,
            "state": "AVAILABLE",
            "time_created": "2024-04-03 01:53:56.59 +0000 UTC",
            "timeouts": null,
            "vcn_id": "ocid1.vcn.oc1.ap-mumbai-1.amaaaaaay5l3z3ya3pxl53yqueuhxlrmlmyuf2pefbibdezka5irpuvm5y3a"
          },
          "sensitive_attributes": [],
          "private": "eyJlMmJmYjczMC1lY2FhLTExZTYtOGY4OC0zNDM2M2JjN2M0YzAiOnsiY3JlYXRlIjoxMjAwMDAwMDAwMDAwLCJkZWxldGUiOjEyMDAwMDAwMDAwMDAsInVwZGF0ZSI6MTIwMDAwMDAwMDAwMH19",
          "dependencies": [
            "module.jenkins-build.data.oci_core_vcn.vcn",
            "module.jenkins-build.oci_core_vcn.jenkins_vcn"
          ]
        }
      ]
    },
    {
      "module": "module.jenkins-build",
      "mode": "managed",
      "type": "oci_core_public_ip",
      "name": "jenkins_public_ip",
      "provider": "module.jenkins-build.provider[\"registry.terraform.io/oracle/oci\"]",
      "instances": [
        {
          "schema_version": 0,
          "attributes": {
            "assigned_entity_id": "ocid1.privateip.oc1.ap-mumbai-1.abrg6ljrzslker5v65k7jp67nkpv4pxiagfbnl5fgtxllykv5kh3ojdiaipq",
            "assigned_entity_type": "PRIVATE_IP",
            "availability_domain": null,
            "compartment_id": "ocid1.compartment.oc1..aaaaaaaaqhbzavhpwjjlcf43lgkjhhz2qbztfh6xbav24x7kfaxrtxvmgyra",
            "defined_tags": {
              "Oracle-Tags.CreatedBy": "oracleidentitycloudservice/howie.owi@oracle.com",
              "Oracle-Tags.CreatedOn": "2024-04-03T01:54:40.771Z",
              "env.env": "prod"
            },
            "display_name": "jenkins-vm-public-ip",
            "freeform_tags": {},
            "id": "ocid1.publicip.oc1.ap-mumbai-1.amaaaaaay5l3z3yau7rqaek4ioxq5yxmktqeckghjlmbcro62c7mwzewecwa",
            "ip_address": "144.24.98.26",
            "lifetime": "RESERVED",
            "private_ip_id": "ocid1.privateip.oc1.ap-mumbai-1.abrg6ljrzslker5v65k7jp67nkpv4pxiagfbnl5fgtxllykv5kh3ojdiaipq",
            "public_ip_pool_id": null,
            "scope": "REGION",
            "state": "ASSIGNED",
            "time_created": "2024-04-03 01:54:40.891 +0000 UTC",
            "timeouts": null
          },
          "sensitive_attributes": [],
          "private": "eyJlMmJmYjczMC1lY2FhLTExZTYtOGY4OC0zNDM2M2JjN2M0YzAiOnsiY3JlYXRlIjoxMjAwMDAwMDAwMDAwLCJkZWxldGUiOjEyMDAwMDAwMDAwMDAsInVwZGF0ZSI6MTIwMDAwMDAwMDAwMH19",
          "dependencies": [
            "data.oci_core_vcn.vcn",
            "module.jenkins-build.data.oci_core_images.instance_images",
            "module.jenkins-build.data.oci_core_private_ips.jenkins_private_ip",
            "module.jenkins-build.data.oci_core_vcn.vcn",
            "module.jenkins-build.data.oci_core_vnic.jenkins_vnic",
            "module.jenkins-build.data.oci_core_vnic_attachments.jenkins_vnics",
            "module.jenkins-build.data.oci_identity_availability_domains.ADs",
            "module.jenkins-build.oci_core_instance.jenkins_vm",
            "module.jenkins-build.oci_core_internet_gateway.igw",
            "module.jenkins-build.oci_core_route_table.pub_rt",
            "module.jenkins-build.oci_core_security_list.pub_sl_http",
            "module.jenkins-build.oci_core_security_list.pub_sl_ssh",
            "module.jenkins-build.oci_core_subnet.pub_jenkins_subnet",
            "module.jenkins-build.oci_core_vcn.jenkins_vcn",
            "module.jenkins-build.tls_private_key.tls_key_pair",
            "oci_core_internet_gateway.igw",
            "oci_core_vcn.cloudbank_vcn"
          ]
        }
      ]
    },
    {
      "module": "module.jenkins-build",
      "mode": "managed",
      "type": "oci_core_route_table",
      "name": "pub_rt",
      "provider": "module.jenkins-build.provider[\"registry.terraform.io/oracle/oci\"]",
      "instances": [
        {
          "schema_version": 0,
          "attributes": {
            "compartment_id": "ocid1.compartment.oc1..aaaaaaaaqhbzavhpwjjlcf43lgkjhhz2qbztfh6xbav24x7kfaxrtxvmgyra",
            "defined_tags": {
              "Oracle-Tags.CreatedBy": "oracleidentitycloudservice/howie.owi@oracle.com",
              "Oracle-Tags.CreatedOn": "2024-04-03T01:53:57.665Z",
              "env.env": "prod"
            },
            "display_name": "jenkins-vcn-pub-rt",
            "freeform_tags": {},
            "id": "ocid1.routetable.oc1.ap-mumbai-1.aaaaaaaa4k3beapsu25mkdluatepeghbsjm7nmfa6dm5xo5flkcgdd6c6vkq",
            "route_rules": [
              {
                "cidr_block": "",
                "description": "",
                "destination": "0.0.0.0/0",
                "destination_type": "CIDR_BLOCK",
                "network_entity_id": "ocid1.internetgateway.oc1.ap-mumbai-1.aaaaaaaau527juwe7arcryfebxcndtlk2ykzedjahbm46anhixkqvh5ytpca",
                "route_type": ""
              }
            ],
            "state": "AVAILABLE",
            "time_created": "2024-04-03 01:53:57.694 +0000 UTC",
            "timeouts": null,
            "vcn_id": "ocid1.vcn.oc1.ap-mumbai-1.amaaaaaay5l3z3ya3pxl53yqueuhxlrmlmyuf2pefbibdezka5irpuvm5y3a"
          },
          "sensitive_attributes": [],
          "private": "eyJlMmJmYjczMC1lY2FhLTExZTYtOGY4OC0zNDM2M2JjN2M0YzAiOnsiY3JlYXRlIjoxMjAwMDAwMDAwMDAwLCJkZWxldGUiOjEyMDAwMDAwMDAwMDAsInVwZGF0ZSI6MTIwMDAwMDAwMDAwMH19",
          "dependencies": [
            "data.oci_core_vcn.vcn",
            "module.jenkins-build.data.oci_core_vcn.vcn",
            "module.jenkins-build.oci_core_internet_gateway.igw",
            "module.jenkins-build.oci_core_vcn.jenkins_vcn",
            "oci_core_internet_gateway.igw",
            "oci_core_vcn.cloudbank_vcn"
          ]
        }
      ]
    },
    {
      "module": "module.jenkins-build",
      "mode": "managed",
      "type": "oci_core_security_list",
      "name": "pub_sl_http",
      "provider": "module.jenkins-build.provider[\"registry.terraform.io/oracle/oci\"]",
      "instances": [
        {
          "schema_version": 0,
          "attributes": {
            "compartment_id": "ocid1.compartment.oc1..aaaaaaaaqhbzavhpwjjlcf43lgkjhhz2qbztfh6xbav24x7kfaxrtxvmgyra",
            "defined_tags": {
              "Oracle-Tags.CreatedBy": "oracleidentitycloudservice/howie.owi@oracle.com",
              "Oracle-Tags.CreatedOn": "2024-04-03T01:53:57.045Z",
              "env.env": "prod"
            },
            "display_name": "Allow HTTP(S) to Jenkins",
            "egress_security_rules": [
              {
                "description": "",
                "destination": "0.0.0.0/0",
                "destination_type": "CIDR_BLOCK",
                "icmp_options": [],
                "protocol": "6",
                "stateless": false,
                "tcp_options": [],
                "udp_options": []
              }
            ],
            "freeform_tags": {},
            "id": "ocid1.securitylist.oc1.ap-mumbai-1.aaaaaaaalbwlgfomdeqcngccz74inzvmldamq3qjdpndmuu3wldlyqqfi6xa",
            "ingress_security_rules": [
              {
                "description": "",
                "icmp_options": [],
                "protocol": "6",
                "source": "0.0.0.0/0",
                "source_type": "CIDR_BLOCK",
                "stateless": false,
                "tcp_options": [
                  {
                    "max": 443,
                    "min": 443,
                    "source_port_range": []
                  }
                ],
                "udp_options": []
              },
              {
                "description": "",
                "icmp_options": [],
                "protocol": "6",
                "source": "0.0.0.0/0",
                "source_type": "CIDR_BLOCK",
                "stateless": false,
                "tcp_options": [
                  {
                    "max": 80,
                    "min": 80,
                    "source_port_range": []
                  }
                ],
                "udp_options": []
              }
            ],
            "state": "AVAILABLE",
            "time_created": "2024-04-03 01:53:57.388 +0000 UTC",
            "timeouts": null,
            "vcn_id": "ocid1.vcn.oc1.ap-mumbai-1.amaaaaaay5l3z3ya3pxl53yqueuhxlrmlmyuf2pefbibdezka5irpuvm5y3a"
          },
          "sensitive_attributes": [],
          "private": "eyJlMmJmYjczMC1lY2FhLTExZTYtOGY4OC0zNDM2M2JjN2M0YzAiOnsiY3JlYXRlIjoxMjAwMDAwMDAwMDAwLCJkZWxldGUiOjEyMDAwMDAwMDAwMDAsInVwZGF0ZSI6MTIwMDAwMDAwMDAwMH19",
          "dependencies": [
            "module.jenkins-build.data.oci_core_vcn.vcn",
            "module.jenkins-build.oci_core_vcn.jenkins_vcn"
          ]
        }
      ]
    },
    {
      "module": "module.jenkins-build",
      "mode": "managed",
      "type": "oci_core_security_list",
      "name": "pub_sl_ssh",
      "provider": "module.jenkins-build.provider[\"registry.terraform.io/oracle/oci\"]",
      "instances": [
        {
          "schema_version": 0,
          "attributes": {
            "compartment_id": "ocid1.compartment.oc1..aaaaaaaaqhbzavhpwjjlcf43lgkjhhz2qbztfh6xbav24x7kfaxrtxvmgyra",
            "defined_tags": {
              "Oracle-Tags.CreatedBy": "oracleidentitycloudservice/howie.owi@oracle.com",
              "Oracle-Tags.CreatedOn": "2024-04-03T01:53:57.045Z",
              "env.env": "prod"
            },
            "display_name": "Allow Public SSH Connections to Jenkins",
            "egress_security_rules": [
              {
                "description": "",
                "destination": "0.0.0.0/0",
                "destination_type": "CIDR_BLOCK",
                "icmp_options": [],
                "protocol": "6",
                "stateless": false,
                "tcp_options": [],
                "udp_options": []
              }
            ],
            "freeform_tags": {},
            "id": "ocid1.securitylist.oc1.ap-mumbai-1.aaaaaaaativvvfearbazv5g7nfhtt22omemsqn6o273skpo3dd767izouqka",
            "ingress_security_rules": [
              {
                "description": "",
                "icmp_options": [],
                "protocol": "6",
                "source": "0.0.0.0/0",
                "source_type": "CIDR_BLOCK",
                "stateless": false,
                "tcp_options": [
                  {
                    "max": 22,
                    "min": 22,
                    "source_port_range": []
                  }
                ],
                "udp_options": []
              }
            ],
            "state": "AVAILABLE",
            "time_created": "2024-04-03 01:53:57.087 +0000 UTC",
            "timeouts": null,
            "vcn_id": "ocid1.vcn.oc1.ap-mumbai-1.amaaaaaay5l3z3ya3pxl53yqueuhxlrmlmyuf2pefbibdezka5irpuvm5y3a"
          },
          "sensitive_attributes": [],
          "private": "eyJlMmJmYjczMC1lY2FhLTExZTYtOGY4OC0zNDM2M2JjN2M0YzAiOnsiY3JlYXRlIjoxMjAwMDAwMDAwMDAwLCJkZWxldGUiOjEyMDAwMDAwMDAwMDAsInVwZGF0ZSI6MTIwMDAwMDAwMDAwMH19",
          "dependencies": [
            "module.jenkins-build.data.oci_core_vcn.vcn",
            "module.jenkins-build.oci_core_vcn.jenkins_vcn"
          ]
        }
      ]
    },
    {
      "module": "module.jenkins-build",
      "mode": "managed",
      "type": "oci_core_subnet",
      "name": "pub_jenkins_subnet",
      "provider": "module.jenkins-build.provider[\"registry.terraform.io/oracle/oci\"]",
      "instances": [
        {
          "schema_version": 0,
          "attributes": {
            "availability_domain": null,
            "cidr_block": "10.0.30.0/28",
            "compartment_id": "ocid1.compartment.oc1..aaaaaaaaqhbzavhpwjjlcf43lgkjhhz2qbztfh6xbav24x7kfaxrtxvmgyra",
            "defined_tags": {
              "Oracle-Tags.CreatedBy": "oracleidentitycloudservice/howie.owi@oracle.com",
              "Oracle-Tags.CreatedOn": "2024-04-03T01:53:58.421Z",
              "env.env": "prod"
            },
            "dhcp_options_id": "ocid1.dhcpoptions.oc1.ap-mumbai-1.aaaaaaaaduyz5fozyto5okoc3a7g54zfxr4u6rsjsliqzflunbr6z3cp7fqa",
            "display_name": "jenkins-vcn-pub-subnet",
            "dns_label": "jnknsappsub",
            "freeform_tags": {},
            "id": "ocid1.subnet.oc1.ap-mumbai-1.aaaaaaaalok54g3g2kxc646e6fjy6keb22r7qbb3ukwyvsqlwohtcmopg6ua",
            "ipv6cidr_block": null,
            "ipv6cidr_blocks": [],
            "ipv6virtual_router_ip": null,
            "prohibit_internet_ingress": false,
            "prohibit_public_ip_on_vnic": false,
            "route_table_id": "ocid1.routetable.oc1.ap-mumbai-1.aaaaaaaa4k3beapsu25mkdluatepeghbsjm7nmfa6dm5xo5flkcgdd6c6vkq",
            "security_list_ids": [
              "ocid1.securitylist.oc1.ap-mumbai-1.aaaaaaaalbwlgfomdeqcngccz74inzvmldamq3qjdpndmuu3wldlyqqfi6xa",
              "ocid1.securitylist.oc1.ap-mumbai-1.aaaaaaaativvvfearbazv5g7nfhtt22omemsqn6o273skpo3dd767izouqka"
            ],
            "state": "AVAILABLE",
            "subnet_domain_name": "jnknsappsub.jnknsvcn.oraclevcn.com",
            "time_created": "2024-04-03 01:53:58.478 +0000 UTC",
            "timeouts": null,
            "vcn_id": "ocid1.vcn.oc1.ap-mumbai-1.amaaaaaay5l3z3ya3pxl53yqueuhxlrmlmyuf2pefbibdezka5irpuvm5y3a",
            "virtual_router_ip": "10.0.30.1",
            "virtual_router_mac": "00:00:17:EF:A4:70"
          },
          "sensitive_attributes": [],
          "private": "eyJlMmJmYjczMC1lY2FhLTExZTYtOGY4OC0zNDM2M2JjN2M0YzAiOnsiY3JlYXRlIjoxMjAwMDAwMDAwMDAwLCJkZWxldGUiOjEyMDAwMDAwMDAwMDAsInVwZGF0ZSI6MTIwMDAwMDAwMDAwMH19",
          "dependencies": [
            "data.oci_core_vcn.vcn",
            "module.jenkins-build.data.oci_core_vcn.vcn",
            "module.jenkins-build.oci_core_internet_gateway.igw",
            "module.jenkins-build.oci_core_route_table.pub_rt",
            "module.jenkins-build.oci_core_security_list.pub_sl_http",
            "module.jenkins-build.oci_core_security_list.pub_sl_ssh",
            "module.jenkins-build.oci_core_vcn.jenkins_vcn",
            "oci_core_internet_gateway.igw",
            "oci_core_vcn.cloudbank_vcn"
          ]
        }
      ]
    },
    {
      "module": "module.jenkins-build",
      "mode": "managed",
      "type": "oci_core_vcn",
      "name": "jenkins_vcn",
      "provider": "module.jenkins-build.provider[\"registry.terraform.io/oracle/oci\"]",
      "instances": [
        {
          "index_key": 0,
          "schema_version": 0,
          "attributes": {
            "byoipv6cidr_blocks": [],
            "byoipv6cidr_details": null,
            "cidr_block": "10.0.0.0/16",
            "cidr_blocks": [
              "10.0.0.0/16"
            ],
            "compartment_id": "ocid1.compartment.oc1..aaaaaaaaqhbzavhpwjjlcf43lgkjhhz2qbztfh6xbav24x7kfaxrtxvmgyra",
            "default_dhcp_options_id": "ocid1.dhcpoptions.oc1.ap-mumbai-1.aaaaaaaaduyz5fozyto5okoc3a7g54zfxr4u6rsjsliqzflunbr6z3cp7fqa",
            "default_route_table_id": "ocid1.routetable.oc1.ap-mumbai-1.aaaaaaaaw6rlg7vxibjcwifotmqyznc27irdubchmo4uadfubuol5svkhcsq",
            "default_security_list_id": "ocid1.securitylist.oc1.ap-mumbai-1.aaaaaaaalukthcmwoolwueloe4lbjmsqg4hzizpdmnnh4jsv7u3gg6kgdd5q",
            "defined_tags": {
              "Oracle-Tags.CreatedBy": "oracleidentitycloudservice/howie.owi@oracle.com",
              "Oracle-Tags.CreatedOn": "2024-04-03T01:53:55.407Z",
              "env.env": "prod"
            },
            "display_name": "jenkins-vcn",
            "dns_label": "jnknsvcn",
            "freeform_tags": {},
            "id": "ocid1.vcn.oc1.ap-mumbai-1.amaaaaaay5l3z3ya3pxl53yqueuhxlrmlmyuf2pefbibdezka5irpuvm5y3a",
            "ipv6cidr_blocks": [],
            "ipv6private_cidr_blocks": [],
            "is_ipv6enabled": false,
            "is_oracle_gua_allocation_enabled": null,
            "state": "AVAILABLE",
            "time_created": "2024-04-03 01:53:55.531 +0000 UTC",
            "timeouts": null,
            "vcn_domain_name": "jnknsvcn.oraclevcn.com"
          },
          "sensitive_attributes": [],
          "private": "eyJlMmJmYjczMC1lY2FhLTExZTYtOGY4OC0zNDM2M2JjN2M0YzAiOnsiY3JlYXRlIjoxMjAwMDAwMDAwMDAwLCJkZWxldGUiOjEyMDAwMDAwMDAwMDAsInVwZGF0ZSI6MTIwMDAwMDAwMDAwMH19"
        }
      ]
    },
    {
      "module": "module.jenkins-build",
      "mode": "managed",
      "type": "tls_private_key",
      "name": "tls_key_pair",
      "provider": "provider[\"registry.terraform.io/hashicorp/tls\"]",
      "instances": [
        {
          "schema_version": 1,
          "attributes": {
            "algorithm": "RSA",
            "ecdsa_curve": "P224",
            "id": "bfbb0267323e31a6008fb7a6449102efc203ff9a",
            "private_key_openssh": "-----BEGIN OPENSSH PRIVATE KEY-----\nb3BlbnNzaC1rZXktdjEAAAAABG5vbmUAAAAEbm9uZQAAAAAAAAABAAABFwAAAAdz\nc2gtcnNhAAAAAwEAAQAAAQEApOzZfvVwARaOFLRNbDSbZM2tgAiFHb0CLiqQCqwd\nNR/7TjHEwuALJLzgFb9tFK6IA9jh0ryDNboHUFjzJy02c1GYySHgZtyxYYCyhsBj\nEuWwTjmQJKgDQokAVj2raXKQ09v0XUmTzsY0htiikM/PiNLnyiY3Loqj3n9U6JQM\nkyaG0k46ZabREFus1skcJ0ZagUnput6ZuJYL5SAjHWhktPBpB6W5PAAU7sTkZWE1\nC7AKPa9i0GdpsjDwdzGBcrhSt01PHNtzY6+rNzesTKINBpYaEB8w7syxjtzMckPS\nhp6v3J4+M96BXPFtFUO+sT2pUn16Iza+e93Jbu5zTy8C0QAAA7hgVmHdYFZh3QAA\nAAdzc2gtcnNhAAABAQCk7Nl+9XABFo4UtE1sNJtkza2ACIUdvQIuKpAKrB01H/tO\nMcTC4AskvOAVv20UrogD2OHSvIM1ugdQWPMnLTZzUZjJIeBm3LFhgLKGwGMS5bBO\nOZAkqANCiQBWPatpcpDT2/RdSZPOxjSG2KKQz8+I0ufKJjcuiqPef1TolAyTJobS\nTjplptEQW6zWyRwnRlqBSem63pm4lgvlICMdaGS08GkHpbk8ABTuxORlYTULsAo9\nr2LQZ2myMPB3MYFyuFK3TU8c23Njr6s3N6xMog0GlhoQHzDuzLGO3MxyQ9KGnq/c\nnj4z3oFc8W0VQ76xPalSfXojNr573clu7nNPLwLRAAAAAwEAAQAAAQBxPvVlmRCs\nnpk3HEthdooRYK23EaKeNe+uVamMunxfwzMjkUcDbSYZttvD8yrqnaFlyuHde3Y5\nSSDGih2ElCYkby4TRgC5gOcIBYAQyT/+dNtoC1yv3vJGGJ6zmSr/gBx0bT9RYzls\nLWtaAJ04BIoD8JYal70iZy54lERwY2BzFVHiS3e8MnzxoIyoc117gHhZ7l7Q9cdB\nxNUZ8D2pXVa1SwPTLvMmDPkBhS6A2PqnhC9VVOjwfii0el8Oe1qwIy3Q8gDt/9bs\nGpMl908Qftxn+2kRMW776hOEUMGREfiHpOD+mqEPenhZ9yOCNbNJKE4QDUo+/+yn\n4UI6akdcKPOFAAAAgQCZYPBpkAmVB92JsZ8l9sLUj+88izzQBPry2yMHlJyucKBw\n78owNpRdQMetAuU38PPAXvpCW6TxXYsB2TTpxwso6jlBzPNYNTxjseZoNZ9w+qSK\nfxObgdL+BWFJfrqjCjdPY009OCBj3OdzPH2NCTXBcCl+NOROoplrasN64UuNQwAA\nAIEAxNt7KbKuTcZrPb7JRp3qDiUHcHP+NdLmxTpU5ksNN9KlZybfAX9qy8OF6f89\nL5v/CvWMUG5MifctTAVtAyM8aAFtL4ar6M59Z24M3A87ZDHR5eGh2VCT4u6QJxX+\nm93AZ7j5SmYqSlUD74ThyqMVwgzGn25LvZPLEpDozDlg9rcAAACBANZ5bkb6PQE2\n8Q1q7hRzCEyBiio6yNZnN6ACru69cEZH2yYF9wfOVNZmqgAsRCSP+Gi5yplAB1rM\nLrbx8cTweg6PcXdetFt5d2vwkKRhbx6G3ZTEha5Ucx7EaPzvKZu0pEaJttniifRA\n+MkhrCSzYfNGCVnfJQrRReU/5mlJIIq3AAAAAAEC\n-----END OPENSSH PRIVATE KEY-----\n",
            "private_key_pem": "-----BEGIN RSA PRIVATE KEY-----\nMIIEowIBAAKCAQEApOzZfvVwARaOFLRNbDSbZM2tgAiFHb0CLiqQCqwdNR/7TjHE\nwuALJLzgFb9tFK6IA9jh0ryDNboHUFjzJy02c1GYySHgZtyxYYCyhsBjEuWwTjmQ\nJKgDQokAVj2raXKQ09v0XUmTzsY0htiikM/PiNLnyiY3Loqj3n9U6JQMkyaG0k46\nZabREFus1skcJ0ZagUnput6ZuJYL5SAjHWhktPBpB6W5PAAU7sTkZWE1C7AKPa9i\n0GdpsjDwdzGBcrhSt01PHNtzY6+rNzesTKINBpYaEB8w7syxjtzMckPShp6v3J4+\nM96BXPFtFUO+sT2pUn16Iza+e93Jbu5zTy8C0QIDAQABAoIBAHE+9WWZEKyemTcc\nS2F2ihFgrbcRop41765VqYy6fF/DMyORRwNtJhm228PzKuqdoWXK4d17djlJIMaK\nHYSUJiRvLhNGALmA5wgFgBDJP/5022gLXK/e8kYYnrOZKv+AHHRtP1FjOWwta1oA\nnTgEigPwlhqXvSJnLniURHBjYHMVUeJLd7wyfPGgjKhzXXuAeFnuXtD1x0HE1Rnw\nPaldVrVLA9Mu8yYM+QGFLoDY+qeEL1VU6PB+KLR6Xw57WrAjLdDyAO3/1uwakyX3\nTxB+3Gf7aRExbvvqE4RQwZER+Iek4P6aoQ96eFn3I4I1s0koThANSj7/7KfhQjpq\nR1wo84UCgYEAxNt7KbKuTcZrPb7JRp3qDiUHcHP+NdLmxTpU5ksNN9KlZybfAX9q\ny8OF6f89L5v/CvWMUG5MifctTAVtAyM8aAFtL4ar6M59Z24M3A87ZDHR5eGh2VCT\n4u6QJxX+m93AZ7j5SmYqSlUD74ThyqMVwgzGn25LvZPLEpDozDlg9rcCgYEA1nlu\nRvo9ATbxDWruFHMITIGKKjrI1mc3oAKu7r1wRkfbJgX3B85U1maqACxEJI/4aLnK\nmUAHWswutvHxxPB6Do9xd160W3l3a/CQpGFvHobdlMSFrlRzHsRo/O8pm7SkRom2\n2eKJ9ED4ySGsJLNh80YJWd8lCtFF5T/maUkgircCgYBp7jlObOpCy9z1cu7YYy2J\nwv9H0gMfb4fi5cq9yfEo8t8yrMYgBjKvx10OV9zS+7y4Zv3EYjYpn6ruV5UbtSBS\nT0Iz6uIi+sqcl6mv2Tp6Zhyu+UWgrS2HVhyYC8vgj+lzZyQult929FyTzQu7gRq6\nOym+rRlwwFDsgrHjA5Vb7QKBgEoNO0o+dHnK4ofjd7iPzzm7MF1MVrPQh6AzzPqZ\nZf6eKMiEHrsPPrOYVvIgVpbZLsfZ/l3TgbaT8T0xZGy/KyWD2YWBqXw8AEPAl/Bp\nw9gicLdA83cxqV3iKu3KFe+w+1dvjTbFxSQUmtG3UpyJYzR/5hKlvUBy6VMyMPgB\nS78ZAoGBAJlg8GmQCZUH3YmxnyX2wtSP7zyLPNAE+vLbIweUnK5woHDvyjA2lF1A\nx60C5Tfw88Be+kJbpPFdiwHZNOnHCyjqOUHM81g1PGOx5mg1n3D6pIp/E5uB0v4F\nYUl+uqMKN09jTT04IGPc53M8fY0JNcFwKX405E6imWtqw3rhS41D\n-----END RSA PRIVATE KEY-----\n",
            "private_key_pem_pkcs8": "-----BEGIN PRIVATE KEY-----\nMIIEvQIBADANBgkqhkiG9w0BAQEFAASCBKcwggSjAgEAAoIBAQCk7Nl+9XABFo4U\ntE1sNJtkza2ACIUdvQIuKpAKrB01H/tOMcTC4AskvOAVv20UrogD2OHSvIM1ugdQ\nWPMnLTZzUZjJIeBm3LFhgLKGwGMS5bBOOZAkqANCiQBWPatpcpDT2/RdSZPOxjSG\n2KKQz8+I0ufKJjcuiqPef1TolAyTJobSTjplptEQW6zWyRwnRlqBSem63pm4lgvl\nICMdaGS08GkHpbk8ABTuxORlYTULsAo9r2LQZ2myMPB3MYFyuFK3TU8c23Njr6s3\nN6xMog0GlhoQHzDuzLGO3MxyQ9KGnq/cnj4z3oFc8W0VQ76xPalSfXojNr573clu\n7nNPLwLRAgMBAAECggEAcT71ZZkQrJ6ZNxxLYXaKEWCttxGinjXvrlWpjLp8X8Mz\nI5FHA20mGbbbw/Mq6p2hZcrh3Xt2OUkgxoodhJQmJG8uE0YAuYDnCAWAEMk//nTb\naAtcr97yRhies5kq/4AcdG0/UWM5bC1rWgCdOASKA/CWGpe9ImcueJREcGNgcxVR\n4kt3vDJ88aCMqHNde4B4We5e0PXHQcTVGfA9qV1WtUsD0y7zJgz5AYUugNj6p4Qv\nVVTo8H4otHpfDntasCMt0PIA7f/W7BqTJfdPEH7cZ/tpETFu++oThFDBkRH4h6Tg\n/pqhD3p4WfcjgjWzSShOEA1KPv/sp+FCOmpHXCjzhQKBgQDE23spsq5Nxms9vslG\nneoOJQdwc/410ubFOlTmSw030qVnJt8Bf2rLw4Xp/z0vm/8K9YxQbkyJ9y1MBW0D\nIzxoAW0vhqvozn1nbgzcDztkMdHl4aHZUJPi7pAnFf6b3cBnuPlKZipKVQPvhOHK\noxXCDMafbku9k8sSkOjMOWD2twKBgQDWeW5G+j0BNvENau4UcwhMgYoqOsjWZzeg\nAq7uvXBGR9smBfcHzlTWZqoALEQkj/houcqZQAdazC628fHE8HoOj3F3XrRbeXdr\n8JCkYW8eht2UxIWuVHMexGj87ymbtKRGibbZ4on0QPjJIawks2HzRglZ3yUK0UXl\nP+ZpSSCKtwKBgGnuOU5s6kLL3PVy7thjLYnC/0fSAx9vh+Llyr3J8Sjy3zKsxiAG\nMq/HXQ5X3NL7vLhm/cRiNimfqu5XlRu1IFJPQjPq4iL6ypyXqa/ZOnpmHK75RaCt\nLYdWHJgLy+CP6XNnJC6W33b0XJPNC7uBGro7Kb6tGXDAUOyCseMDlVvtAoGASg07\nSj50ecrih+N3uI/PObswXUxWs9CHoDPM+pll/p4oyIQeuw8+s5hW8iBWltkux9n+\nXdOBtpPxPTFkbL8rJYPZhYGpfDwAQ8CX8GnD2CJwt0DzdzGpXeIq7coV77D7V2+N\nNsXFJBSa0bdSnIljNH/mEqW9QHLpUzIw+AFLvxkCgYEAmWDwaZAJlQfdibGfJfbC\n1I/vPIs80AT68tsjB5ScrnCgcO/KMDaUXUDHrQLlN/DzwF76Qluk8V2LAdk06ccL\nKOo5QczzWDU8Y7HmaDWfcPqkin8Tm4HS/gVhSX66owo3T2NNPTggY9znczx9jQk1\nwXApfjTkTqKZa2rDeuFLjUM=\n-----END PRIVATE KEY-----\n",
            "public_key_fingerprint_md5": "61:a3:2e:e0:8f:a3:f5:23:83:64:34:b9:59:8a:e9:3f",
            "public_key_fingerprint_sha256": "SHA256:F9j/Vl9AwYKj/diyy5IE10Or8jfWEAl05eYIyPKbtGo",
            "public_key_openssh": "ssh-rsa AAAAB3NzaC1yc2EAAAADAQABAAABAQCk7Nl+9XABFo4UtE1sNJtkza2ACIUdvQIuKpAKrB01H/tOMcTC4AskvOAVv20UrogD2OHSvIM1ugdQWPMnLTZzUZjJIeBm3LFhgLKGwGMS5bBOOZAkqANCiQBWPatpcpDT2/RdSZPOxjSG2KKQz8+I0ufKJjcuiqPef1TolAyTJobSTjplptEQW6zWyRwnRlqBSem63pm4lgvlICMdaGS08GkHpbk8ABTuxORlYTULsAo9r2LQZ2myMPB3MYFyuFK3TU8c23Njr6s3N6xMog0GlhoQHzDuzLGO3MxyQ9KGnq/cnj4z3oFc8W0VQ76xPalSfXojNr573clu7nNPLwLR\n",
            "public_key_pem": "-----BEGIN PUBLIC KEY-----\nMIIBIjANBgkqhkiG9w0BAQEFAAOCAQ8AMIIBCgKCAQEApOzZfvVwARaOFLRNbDSb\nZM2tgAiFHb0CLiqQCqwdNR/7TjHEwuALJLzgFb9tFK6IA9jh0ryDNboHUFjzJy02\nc1GYySHgZtyxYYCyhsBjEuWwTjmQJKgDQokAVj2raXKQ09v0XUmTzsY0htiikM/P\niNLnyiY3Loqj3n9U6JQMkyaG0k46ZabREFus1skcJ0ZagUnput6ZuJYL5SAjHWhk\ntPBpB6W5PAAU7sTkZWE1C7AKPa9i0GdpsjDwdzGBcrhSt01PHNtzY6+rNzesTKIN\nBpYaEB8w7syxjtzMckPShp6v3J4+M96BXPFtFUO+sT2pUn16Iza+e93Jbu5zTy8C\n0QIDAQAB\n-----END PUBLIC KEY-----\n",
            "rsa_bits": 2048
          },
          "sensitive_attributes": []
        }
      ]
    }
  ],
  "check_results": null
}
